// !$*UTF8*$!
{
	archiveVersion = 1;
	classes = {
	};
	objectVersion = 51;
	objects = {

/* Begin PBXBuildFile section */
<<<<<<< HEAD
		0FABBE0D2A37300200E54FE6 /* iOSSDKStreaming.framework in Frameworks */ = {isa = PBXBuildFile; fileRef = 0FABBE0C2A372FFA00E54FE6 /* iOSSDKStreaming.framework */; };
		0FABBE0E2A37300200E54FE6 /* iOSSDKStreaming.framework in Embed Frameworks */ = {isa = PBXBuildFile; fileRef = 0FABBE0C2A372FFA00E54FE6 /* iOSSDKStreaming.framework */; settings = {ATTRIBUTES = (CodeSignOnCopy, RemoveHeadersOnCopy, ); }; };
		0FABBE0F2A37300600E54FE6 /* iOSSDKStreaming.framework in Frameworks */ = {isa = PBXBuildFile; fileRef = 0FABBE0C2A372FFA00E54FE6 /* iOSSDKStreaming.framework */; };
		0FABBE102A37300600E54FE6 /* iOSSDKStreaming.framework in Embed Frameworks */ = {isa = PBXBuildFile; fileRef = 0FABBE0C2A372FFA00E54FE6 /* iOSSDKStreaming.framework */; settings = {ATTRIBUTES = (CodeSignOnCopy, RemoveHeadersOnCopy, ); }; };
=======
		491FCA542A31A93F001930F7 /* iphone_11_pro.mp3 in Resources */ = {isa = PBXBuildFile; fileRef = 491FCA532A31A93F001930F7 /* iphone_11_pro.mp3 */; };
		499D2E3E2A3B464C004431AB /* AuthenticationModel.swift in Sources */ = {isa = PBXBuildFile; fileRef = 499D2E3D2A3B464C004431AB /* AuthenticationModel.swift */; };
		499D2E452A3B4681004431AB /* QRScanner.storyboard in Resources */ = {isa = PBXBuildFile; fileRef = 499D2E402A3B4681004431AB /* QRScanner.storyboard */; };
		499D2E462A3B4681004431AB /* QRScannerViewController.swift in Sources */ = {isa = PBXBuildFile; fileRef = 499D2E412A3B4681004431AB /* QRScannerViewController.swift */; };
		499D2E472A3B4681004431AB /* QRScannerRouter.swift in Sources */ = {isa = PBXBuildFile; fileRef = 499D2E422A3B4681004431AB /* QRScannerRouter.swift */; };
		499D2E482A3B4681004431AB /* QRScannerViewModel.swift in Sources */ = {isa = PBXBuildFile; fileRef = 499D2E432A3B4681004431AB /* QRScannerViewModel.swift */; };
		499D2E492A3B4681004431AB /* QRScannerBuilder.swift in Sources */ = {isa = PBXBuildFile; fileRef = 499D2E442A3B4681004431AB /* QRScannerBuilder.swift */; };
>>>>>>> 694d017658401580b768560b77429e5ceda9e2fa
		49A243E42A1E335D003A37C8 /* AppsGroup.swift in Sources */ = {isa = PBXBuildFile; fileRef = 49A243E32A1E335D003A37C8 /* AppsGroup.swift */; };
		49CFD4962994CDF400A74579 /* VdotokShare.swift in Sources */ = {isa = PBXBuildFile; fileRef = 49CFD4952994CDF400A74579 /* VdotokShare.swift */; };
		49CFD499299516CF00A74579 /* WormHoleConstants.swift in Sources */ = {isa = PBXBuildFile; fileRef = 49CFD498299516CF00A74579 /* WormHoleConstants.swift */; };
		5D0A253826970C9800231087 /* Constants.swift in Sources */ = {isa = PBXBuildFile; fileRef = 5D83A8EB2678B68000F001DE /* Constants.swift */; };
		5D0A253C26981F0100231087 /* BroadcastData.swift in Sources */ = {isa = PBXBuildFile; fileRef = 5D0A253B26981F0000231087 /* BroadcastData.swift */; };
		5D0A255C2698420700231087 /* Landing.storyboard in Resources */ = {isa = PBXBuildFile; fileRef = 5D0A25572698420700231087 /* Landing.storyboard */; };
		5D0A255D2698420700231087 /* LandingRouter.swift in Sources */ = {isa = PBXBuildFile; fileRef = 5D0A25582698420700231087 /* LandingRouter.swift */; };
		5D0A255E2698420700231087 /* LandingViewController.swift in Sources */ = {isa = PBXBuildFile; fileRef = 5D0A25592698420700231087 /* LandingViewController.swift */; };
		5D0A255F2698420700231087 /* LandingBuilder.swift in Sources */ = {isa = PBXBuildFile; fileRef = 5D0A255A2698420700231087 /* LandingBuilder.swift */; };
		5D0A25602698420700231087 /* LandingViewModel.swift in Sources */ = {isa = PBXBuildFile; fileRef = 5D0A255B2698420700231087 /* LandingViewModel.swift */; };
		5D0A25622698469000231087 /* BorderButton.swift in Sources */ = {isa = PBXBuildFile; fileRef = 5D0A25612698469000231087 /* BorderButton.swift */; };
		5D0A256426984B4C00231087 /* RadioButton.swift in Sources */ = {isa = PBXBuildFile; fileRef = 5D0A256326984B4C00231087 /* RadioButton.swift */; };
		5D0A25742698B37C00231087 /* BroadcastView.swift in Sources */ = {isa = PBXBuildFile; fileRef = 5D0A25732698B37C00231087 /* BroadcastView.swift */; };
		5D0A25772698BE2800231087 /* UIView+Extension.swift in Sources */ = {isa = PBXBuildFile; fileRef = 5D0A25762698BE2800231087 /* UIView+Extension.swift */; };
		5D0A25782699ADFD00231087 /* BroadcastData.swift in Sources */ = {isa = PBXBuildFile; fileRef = 5D0A253B26981F0000231087 /* BroadcastData.swift */; };
		5D1A8F812725D7890061BFB4 /* Assets.xcassets in Resources */ = {isa = PBXBuildFile; fileRef = 5D1A8F802725D7890061BFB4 /* Assets.xcassets */; };
		5D20D782268C56CF00B78BFE /* EditGroupRequest.swift in Sources */ = {isa = PBXBuildFile; fileRef = 5D20D781268C56CF00B78BFE /* EditGroupRequest.swift */; };
		5D20D785268C56E500B78BFE /* DeleteGroupRequest.swift in Sources */ = {isa = PBXBuildFile; fileRef = 5D20D784268C56E500B78BFE /* DeleteGroupRequest.swift */; };
		5D20D787268C570900B78BFE /* DeleteGroupService.swift in Sources */ = {isa = PBXBuildFile; fileRef = 5D20D786268C570900B78BFE /* DeleteGroupService.swift */; };
		5D20D789268C585500B78BFE /* EditGroupService.swift in Sources */ = {isa = PBXBuildFile; fileRef = 5D20D788268C585500B78BFE /* EditGroupService.swift */; };
		5D2DC2C028410CF900535179 /* Bundle+Extension.swift in Sources */ = {isa = PBXBuildFile; fileRef = 5D2DC2BF28410CF900535179 /* Bundle+Extension.swift */; };
		5D4738DF26F1FF3300C67F6E /* TVBroadcastCell.xib in Resources */ = {isa = PBXBuildFile; fileRef = 5D4738D826F1FF3300C67F6E /* TVBroadcastCell.xib */; };
		5D4738E026F1FF3300C67F6E /* TVBroadcastCell.swift in Sources */ = {isa = PBXBuildFile; fileRef = 5D4738D926F1FF3300C67F6E /* TVBroadcastCell.swift */; };
		5D4738E126F1FF3300C67F6E /* TVBroadCastBuilder.swift in Sources */ = {isa = PBXBuildFile; fileRef = 5D4738DA26F1FF3300C67F6E /* TVBroadCastBuilder.swift */; };
		5D4738E226F1FF3300C67F6E /* TVBroadCastViewController.swift in Sources */ = {isa = PBXBuildFile; fileRef = 5D4738DB26F1FF3300C67F6E /* TVBroadCastViewController.swift */; };
		5D4738E326F1FF3300C67F6E /* TVBroadCast.storyboard in Resources */ = {isa = PBXBuildFile; fileRef = 5D4738DC26F1FF3300C67F6E /* TVBroadCast.storyboard */; };
		5D4738E426F1FF3300C67F6E /* TVBroadCastRouter.swift in Sources */ = {isa = PBXBuildFile; fileRef = 5D4738DD26F1FF3300C67F6E /* TVBroadCastRouter.swift */; };
		5D4738E526F1FF3300C67F6E /* TVBroadCastViewModel.swift in Sources */ = {isa = PBXBuildFile; fileRef = 5D4738DE26F1FF3300C67F6E /* TVBroadCastViewModel.swift */; };
		5D7CD5312677EC8C004799EA /* CreateGroupPopup.swift in Sources */ = {isa = PBXBuildFile; fileRef = 5D7CD52F2677EC8C004799EA /* CreateGroupPopup.swift */; };
		5D7CD5322677EC8C004799EA /* CreateGroupPopup.xib in Resources */ = {isa = PBXBuildFile; fileRef = 5D7CD5302677EC8C004799EA /* CreateGroupPopup.xib */; };
		5D7CD5362677FC7C004799EA /* YellowButton.swift in Sources */ = {isa = PBXBuildFile; fileRef = 5D7CD5352677FC7C004799EA /* YellowButton.swift */; };
		5D7CD53A2677FE1F004799EA /* NextButton.swift in Sources */ = {isa = PBXBuildFile; fileRef = 5D7CD5392677FE1F004799EA /* NextButton.swift */; };
		5D7CD53D2677FE34004799EA /* IndigoButton.swift in Sources */ = {isa = PBXBuildFile; fileRef = 5D7CD53C2677FE34004799EA /* IndigoButton.swift */; };
		5D7CD5402677FEB8004799EA /* CustomButton.swift in Sources */ = {isa = PBXBuildFile; fileRef = 5D7CD53F2677FEB8004799EA /* CustomButton.swift */; };
		5D7CD5612678A950004799EA /* Calling.storyboard in Resources */ = {isa = PBXBuildFile; fileRef = 5D7CD55C2678A950004799EA /* Calling.storyboard */; };
		5D7CD5622678A950004799EA /* CallingRouter.swift in Sources */ = {isa = PBXBuildFile; fileRef = 5D7CD55D2678A950004799EA /* CallingRouter.swift */; };
		5D7CD5632678A950004799EA /* CallingViewController.swift in Sources */ = {isa = PBXBuildFile; fileRef = 5D7CD55E2678A950004799EA /* CallingViewController.swift */; };
		5D7CD5642678A950004799EA /* CallingBuilder.swift in Sources */ = {isa = PBXBuildFile; fileRef = 5D7CD55F2678A950004799EA /* CallingBuilder.swift */; };
		5D7CD5652678A950004799EA /* CallingViewModel.swift in Sources */ = {isa = PBXBuildFile; fileRef = 5D7CD5602678A950004799EA /* CallingViewModel.swift */; };
		5D7CD56B2678AE1D004799EA /* GroupCallingView.swift in Sources */ = {isa = PBXBuildFile; fileRef = 5D7CD56A2678AE1D004799EA /* GroupCallingView.swift */; };
		5D7CD56F2678AE29004799EA /* GroupCallingView.xib in Resources */ = {isa = PBXBuildFile; fileRef = 5D7CD56E2678AE29004799EA /* GroupCallingView.xib */; };
		5D7CD57A2678B1E2004799EA /* VideoCell.swift in Sources */ = {isa = PBXBuildFile; fileRef = 5D7CD5782678B1E2004799EA /* VideoCell.swift */; };
		5D7CD57B2678B1E2004799EA /* VideoCell.xib in Resources */ = {isa = PBXBuildFile; fileRef = 5D7CD5792678B1E2004799EA /* VideoCell.xib */; };
		5D83A8EC2678B68000F001DE /* Constants.swift in Sources */ = {isa = PBXBuildFile; fileRef = 5D83A8EB2678B68000F001DE /* Constants.swift */; };
		5D8BC0522678DB6E001F1B9B /* IncomingCall.xib in Resources */ = {isa = PBXBuildFile; fileRef = 5D8BC0512678DB6E001F1B9B /* IncomingCall.xib */; };
		5D8BC0542678DB83001F1B9B /* IncomingCall.swift in Sources */ = {isa = PBXBuildFile; fileRef = 5D8BC0532678DB83001F1B9B /* IncomingCall.swift */; };
		5DA2C2722677922E00B6F36C /* CreateGroup.storyboard in Resources */ = {isa = PBXBuildFile; fileRef = 5DA2C26D2677922E00B6F36C /* CreateGroup.storyboard */; };
		5DA2C2732677922E00B6F36C /* CreateGroupRouter.swift in Sources */ = {isa = PBXBuildFile; fileRef = 5DA2C26E2677922E00B6F36C /* CreateGroupRouter.swift */; };
		5DA2C2742677922E00B6F36C /* CreateGroupViewController.swift in Sources */ = {isa = PBXBuildFile; fileRef = 5DA2C26F2677922E00B6F36C /* CreateGroupViewController.swift */; };
		5DA2C2752677922E00B6F36C /* CreateGroupBuilder.swift in Sources */ = {isa = PBXBuildFile; fileRef = 5DA2C2702677922E00B6F36C /* CreateGroupBuilder.swift */; };
		5DA2C2762677922E00B6F36C /* CreateGroupViewModel.swift in Sources */ = {isa = PBXBuildFile; fileRef = 5DA2C2712677922E00B6F36C /* CreateGroupViewModel.swift */; };
		5DA2C27A2677A58B00B6F36C /* AllUsersService.swift in Sources */ = {isa = PBXBuildFile; fileRef = 5DA2C2792677A58B00B6F36C /* AllUsersService.swift */; };
		5DA2C27D2677A5A100B6F36C /* AllUsersReponse.swift in Sources */ = {isa = PBXBuildFile; fileRef = 5DA2C27C2677A5A100B6F36C /* AllUsersReponse.swift */; };
		5DA2C2802677A61000B6F36C /* CreateGroupService.swift in Sources */ = {isa = PBXBuildFile; fileRef = 5DA2C27F2677A61000B6F36C /* CreateGroupService.swift */; };
		5DA2C2832677A62A00B6F36C /* CreateGroupResponse.swift in Sources */ = {isa = PBXBuildFile; fileRef = 5DA2C2822677A62A00B6F36C /* CreateGroupResponse.swift */; };
		5DA2C2862677A64E00B6F36C /* CreateGroupRequest.swift in Sources */ = {isa = PBXBuildFile; fileRef = 5DA2C2852677A64E00B6F36C /* CreateGroupRequest.swift */; };
		5DA2C2892677A67700B6F36C /* AllUserRequest.swift in Sources */ = {isa = PBXBuildFile; fileRef = 5DA2C2882677A67700B6F36C /* AllUserRequest.swift */; };
		5DA2C29A2677A98100B6F36C /* CreateGroupCell.swift in Sources */ = {isa = PBXBuildFile; fileRef = 5DA2C2982677A98100B6F36C /* CreateGroupCell.swift */; };
		5DA2C29B2677A98100B6F36C /* CreateGroupCell.xib in Resources */ = {isa = PBXBuildFile; fileRef = 5DA2C2992677A98100B6F36C /* CreateGroupCell.xib */; };
		5DA7BBE7267562A800A3E292 /* AppDelegate.swift in Sources */ = {isa = PBXBuildFile; fileRef = 5DA7BBE6267562A800A3E292 /* AppDelegate.swift */; };
		5DA7BBEB267562A800A3E292 /* ViewController.swift in Sources */ = {isa = PBXBuildFile; fileRef = 5DA7BBEA267562A800A3E292 /* ViewController.swift */; };
		5DA7BBEE267562A800A3E292 /* Main.storyboard in Resources */ = {isa = PBXBuildFile; fileRef = 5DA7BBEC267562A800A3E292 /* Main.storyboard */; };
		5DA7BBF3267562AA00A3E292 /* LaunchScreen.storyboard in Resources */ = {isa = PBXBuildFile; fileRef = 5DA7BBF1267562AA00A3E292 /* LaunchScreen.storyboard */; };
		5DA7BC072675FCCD00A3E292 /* AuthenticationService.swift in Sources */ = {isa = PBXBuildFile; fileRef = 5DA7BC062675FCCD00A3E292 /* AuthenticationService.swift */; };
		5DA7BC0B2675FCF300A3E292 /* AuthenticateRequest.swift in Sources */ = {isa = PBXBuildFile; fileRef = 5DA7BC0A2675FCF300A3E292 /* AuthenticateRequest.swift */; };
		5DA7BC0F2675FD1B00A3E292 /* Service.swift in Sources */ = {isa = PBXBuildFile; fileRef = 5DA7BC0E2675FD1B00A3E292 /* Service.swift */; };
		5DA7BC132675FD3500A3E292 /* BaseDataStore.swift in Sources */ = {isa = PBXBuildFile; fileRef = 5DA7BC122675FD3500A3E292 /* BaseDataStore.swift */; };
		5DA7BC162675FD4500A3E292 /* ApiRequest.swift in Sources */ = {isa = PBXBuildFile; fileRef = 5DA7BC152675FD4500A3E292 /* ApiRequest.swift */; };
		5DA7BC1B2675FD7600A3E292 /* VDOTOKObject.swift in Sources */ = {isa = PBXBuildFile; fileRef = 5DA7BC1A2675FD7600A3E292 /* VDOTOKObject.swift */; };
		5DA7BC1F2675FD9800A3E292 /* Translation.swift in Sources */ = {isa = PBXBuildFile; fileRef = 5DA7BC1E2675FD9800A3E292 /* Translation.swift */; };
		5DA7BC232675FDDC00A3E292 /* UserResponse.swift in Sources */ = {isa = PBXBuildFile; fileRef = 5DA7BC222675FDDC00A3E292 /* UserResponse.swift */; };
		5DA7BC2C2675FE0900A3E292 /* Login.storyboard in Resources */ = {isa = PBXBuildFile; fileRef = 5DA7BC272675FE0900A3E292 /* Login.storyboard */; };
		5DA7BC2D2675FE0900A3E292 /* LoginRouter.swift in Sources */ = {isa = PBXBuildFile; fileRef = 5DA7BC282675FE0900A3E292 /* LoginRouter.swift */; };
		5DA7BC2E2675FE0900A3E292 /* LoginViewController.swift in Sources */ = {isa = PBXBuildFile; fileRef = 5DA7BC292675FE0900A3E292 /* LoginViewController.swift */; };
		5DA7BC2F2675FE0900A3E292 /* LoginBuilder.swift in Sources */ = {isa = PBXBuildFile; fileRef = 5DA7BC2A2675FE0900A3E292 /* LoginBuilder.swift */; };
		5DA7BC302675FE0900A3E292 /* LoginViewModel.swift in Sources */ = {isa = PBXBuildFile; fileRef = 5DA7BC2B2675FE0900A3E292 /* LoginViewModel.swift */; };
		5DA7BC3A2675FE6400A3E292 /* SignUp.storyboard in Resources */ = {isa = PBXBuildFile; fileRef = 5DA7BC352675FE6300A3E292 /* SignUp.storyboard */; };
		5DA7BC3B2675FE6400A3E292 /* SignUpRouter.swift in Sources */ = {isa = PBXBuildFile; fileRef = 5DA7BC362675FE6300A3E292 /* SignUpRouter.swift */; };
		5DA7BC3C2675FE6400A3E292 /* SignUpViewController.swift in Sources */ = {isa = PBXBuildFile; fileRef = 5DA7BC372675FE6300A3E292 /* SignUpViewController.swift */; };
		5DA7BC3D2675FE6400A3E292 /* SignUpBuilder.swift in Sources */ = {isa = PBXBuildFile; fileRef = 5DA7BC382675FE6300A3E292 /* SignUpBuilder.swift */; };
		5DA7BC3E2675FE6400A3E292 /* SignUpViewModel.swift in Sources */ = {isa = PBXBuildFile; fileRef = 5DA7BC392675FE6300A3E292 /* SignUpViewModel.swift */; };
		5DA7BC472675FE8300A3E292 /* Channel.storyboard in Resources */ = {isa = PBXBuildFile; fileRef = 5DA7BC422675FE8300A3E292 /* Channel.storyboard */; };
		5DA7BC482675FE8300A3E292 /* ChannelRouter.swift in Sources */ = {isa = PBXBuildFile; fileRef = 5DA7BC432675FE8300A3E292 /* ChannelRouter.swift */; };
		5DA7BC492675FE8300A3E292 /* ChannelViewController.swift in Sources */ = {isa = PBXBuildFile; fileRef = 5DA7BC442675FE8300A3E292 /* ChannelViewController.swift */; };
		5DA7BC4A2675FE8300A3E292 /* ChannelBuilder.swift in Sources */ = {isa = PBXBuildFile; fileRef = 5DA7BC452675FE8300A3E292 /* ChannelBuilder.swift */; };
		5DA7BC4B2675FE8300A3E292 /* ChannelViewModel.swift in Sources */ = {isa = PBXBuildFile; fileRef = 5DA7BC462675FE8300A3E292 /* ChannelViewModel.swift */; };
		5DA7BC56267754A000A3E292 /* Reachability.swift in Sources */ = {isa = PBXBuildFile; fileRef = 5DA7BC55267754A000A3E292 /* Reachability.swift */; };
		5DA7BC59267754CD00A3E292 /* ProgresHud.swift in Sources */ = {isa = PBXBuildFile; fileRef = 5DA7BC58267754CD00A3E292 /* ProgresHud.swift */; };
		5DA7BC5C2677552500A3E292 /* LoginService.swift in Sources */ = {isa = PBXBuildFile; fileRef = 5DA7BC5B2677552500A3E292 /* LoginService.swift */; };
		5DA7BC5F2677553900A3E292 /* LoginRequest.swift in Sources */ = {isa = PBXBuildFile; fileRef = 5DA7BC5E2677553900A3E292 /* LoginRequest.swift */; };
		5DA7BC62267755C700A3E292 /* ValidateUserNameService.swift in Sources */ = {isa = PBXBuildFile; fileRef = 5DA7BC61267755C700A3E292 /* ValidateUserNameService.swift */; };
		5DA7BC65267755E600A3E292 /* ValidateUserNameRequest.swift in Sources */ = {isa = PBXBuildFile; fileRef = 5DA7BC64267755E600A3E292 /* ValidateUserNameRequest.swift */; };
		5DA7BC682677562300A3E292 /* CheckUserNameResponse.swift in Sources */ = {isa = PBXBuildFile; fileRef = 5DA7BC672677562300A3E292 /* CheckUserNameResponse.swift */; };
		5DA7BC6B2677564F00A3E292 /* SignupService.swift in Sources */ = {isa = PBXBuildFile; fileRef = 5DA7BC6A2677564F00A3E292 /* SignupService.swift */; };
		5DA7BC6E2677567000A3E292 /* SignupRequest.swift in Sources */ = {isa = PBXBuildFile; fileRef = 5DA7BC6D2677567000A3E292 /* SignupRequest.swift */; };
		5DA7BC712677589700A3E292 /* GroupResponse.swift in Sources */ = {isa = PBXBuildFile; fileRef = 5DA7BC702677589700A3E292 /* GroupResponse.swift */; };
		5DA7BC742677594300A3E292 /* AllGroupService.swift in Sources */ = {isa = PBXBuildFile; fileRef = 5DA7BC732677594300A3E292 /* AllGroupService.swift */; };
		5DA7BC772677595700A3E292 /* AllGroupRequest.swift in Sources */ = {isa = PBXBuildFile; fileRef = 5DA7BC762677595700A3E292 /* AllGroupRequest.swift */; };
		5DA7BC8226775A3900A3E292 /* GroupCell.swift in Sources */ = {isa = PBXBuildFile; fileRef = 5DA7BC8026775A3900A3E292 /* GroupCell.swift */; };
		5DA7BC8326775A3900A3E292 /* GroupCell.xib in Resources */ = {isa = PBXBuildFile; fileRef = 5DA7BC8126775A3900A3E292 /* GroupCell.xib */; };
		5DA7BC8726775AB900A3E292 /* Color+Extension.swift in Sources */ = {isa = PBXBuildFile; fileRef = 5DA7BC8626775AB900A3E292 /* Color+Extension.swift */; };
		5DA7BC8C26775C9E00A3E292 /* Colors.xcassets in Resources */ = {isa = PBXBuildFile; fileRef = 5DA7BC8A26775C9E00A3E292 /* Colors.xcassets */; };
		5DBB9F3426A1A859000F51E6 /* DraggableView.swift in Sources */ = {isa = PBXBuildFile; fileRef = 5DBB9F3326A1A859000F51E6 /* DraggableView.swift */; };
		5DE4B39226970899009DAE5B /* ReplayKit.framework in Frameworks */ = {isa = PBXBuildFile; fileRef = 5DE4B39126970899009DAE5B /* ReplayKit.framework */; };
		5DE4B39526970899009DAE5B /* SampleHandler.swift in Sources */ = {isa = PBXBuildFile; fileRef = 5DE4B39426970899009DAE5B /* SampleHandler.swift */; };
		5DE4B39C26970899009DAE5B /* ReplayKit.framework in Frameworks */ = {isa = PBXBuildFile; fileRef = 5DE4B39126970899009DAE5B /* ReplayKit.framework */; };
		5DE4B39E26970899009DAE5B /* UIKit.framework in Frameworks */ = {isa = PBXBuildFile; fileRef = 5DE4B39D26970899009DAE5B /* UIKit.framework */; };
		5DE4B3A126970899009DAE5B /* BroadcastSetupViewController.swift in Sources */ = {isa = PBXBuildFile; fileRef = 5DE4B3A026970899009DAE5B /* BroadcastSetupViewController.swift */; };
		5DE4B3A526970899009DAE5B /* ScreenShareSetupUI.appex in Embed App Extensions */ = {isa = PBXBuildFile; fileRef = 5DE4B39B26970899009DAE5B /* ScreenShareSetupUI.appex */; settings = {ATTRIBUTES = (RemoveHeadersOnCopy, ); }; };
		5DE4B3A826970899009DAE5B /* ScreenShare.appex in Embed App Extensions */ = {isa = PBXBuildFile; fileRef = 5DE4B39026970899009DAE5B /* ScreenShare.appex */; settings = {ATTRIBUTES = (RemoveHeadersOnCopy, ); }; };
		5DE5836B269D7B7000985CFA /* ScreenSharePopup.xib in Resources */ = {isa = PBXBuildFile; fileRef = 5DE5836A269D7B7000985CFA /* ScreenSharePopup.xib */; };
		5DE5836E269D7B8400985CFA /* ScreenSharePopup.swift in Sources */ = {isa = PBXBuildFile; fileRef = 5DE5836D269D7B8400985CFA /* ScreenSharePopup.swift */; };
		A85D93E22702FE7D003A3375 /* BroadcastView.xib in Resources */ = {isa = PBXBuildFile; fileRef = A85D93E12702FE7D003A3375 /* BroadcastView.xib */; };
		C87AF989304CCA741D2FC702 /* Pods_iOS_one2many.framework in Frameworks */ = {isa = PBXBuildFile; fileRef = 41836F60B109339CA0EE511E /* Pods_iOS_one2many.framework */; };
		E072FF86CD0B145BF144B3C6 /* Pods_ScreenShare.framework in Frameworks */ = {isa = PBXBuildFile; fileRef = 7666249CE1FF488FBB93B168 /* Pods_ScreenShare.framework */; };
/* End PBXBuildFile section */

/* Begin PBXContainerItemProxy section */
		0FABBE0B2A372FFA00E54FE6 /* PBXContainerItemProxy */ = {
			isa = PBXContainerItemProxy;
			containerPortal = 0FABBE072A372FFA00E54FE6 /* iOSSDKStreaming.xcodeproj */;
			proxyType = 2;
			remoteGlobalIDString = 5D146FA225DE4823000852FB;
			remoteInfo = iOSSDKStreaming;
		};
		5DE4B3A326970899009DAE5B /* PBXContainerItemProxy */ = {
			isa = PBXContainerItemProxy;
			containerPortal = 5DA7BBDB267562A800A3E292 /* Project object */;
			proxyType = 1;
			remoteGlobalIDString = 5DE4B39A26970899009DAE5B;
			remoteInfo = ScreenShareSetupUI;
		};
		5DE4B3A626970899009DAE5B /* PBXContainerItemProxy */ = {
			isa = PBXContainerItemProxy;
			containerPortal = 5DA7BBDB267562A800A3E292 /* Project object */;
			proxyType = 1;
			remoteGlobalIDString = 5DE4B38F26970899009DAE5B;
			remoteInfo = ScreenShare;
		};
/* End PBXContainerItemProxy section */

/* Begin PBXCopyFilesBuildPhase section */
		49E6849E297FA5580039C025 /* Embed Frameworks */ = {
			isa = PBXCopyFilesBuildPhase;
			buildActionMask = 2147483647;
			dstPath = "";
			dstSubfolderSpec = 10;
			files = (
				0FABBE0E2A37300200E54FE6 /* iOSSDKStreaming.framework in Embed Frameworks */,
			);
			name = "Embed Frameworks";
			runOnlyForDeploymentPostprocessing = 0;
		};
		49E684A1297FBECD0039C025 /* Embed Frameworks */ = {
			isa = PBXCopyFilesBuildPhase;
			buildActionMask = 2147483647;
			dstPath = "";
			dstSubfolderSpec = 10;
			files = (
				0FABBE102A37300600E54FE6 /* iOSSDKStreaming.framework in Embed Frameworks */,
			);
			name = "Embed Frameworks";
			runOnlyForDeploymentPostprocessing = 0;
		};
		5DE4B3AF26970899009DAE5B /* Embed App Extensions */ = {
			isa = PBXCopyFilesBuildPhase;
			buildActionMask = 2147483647;
			dstPath = "";
			dstSubfolderSpec = 13;
			files = (
				5DE4B3A826970899009DAE5B /* ScreenShare.appex in Embed App Extensions */,
				5DE4B3A526970899009DAE5B /* ScreenShareSetupUI.appex in Embed App Extensions */,
			);
			name = "Embed App Extensions";
			runOnlyForDeploymentPostprocessing = 0;
		};
/* End PBXCopyFilesBuildPhase section */

/* Begin PBXFileReference section */
<<<<<<< HEAD
		0FABBE072A372FFA00E54FE6 /* iOSSDKStreaming.xcodeproj */ = {isa = PBXFileReference; lastKnownFileType = "wrapper.pb-project"; name = iOSSDKStreaming.xcodeproj; path = "../../../iOS-StreamingSDK/ios-sdk-streaming/iOSSDKStreaming.xcodeproj"; sourceTree = "<group>"; };
		2380E8A6E404E35947FA6EAE /* Pods-ScreenShare.release.xcconfig */ = {isa = PBXFileReference; includeInIndex = 1; lastKnownFileType = text.xcconfig; name = "Pods-ScreenShare.release.xcconfig"; path = "Target Support Files/Pods-ScreenShare/Pods-ScreenShare.release.xcconfig"; sourceTree = "<group>"; };
		41836F60B109339CA0EE511E /* Pods_iOS_one2many.framework */ = {isa = PBXFileReference; explicitFileType = wrapper.framework; includeInIndex = 0; path = Pods_iOS_one2many.framework; sourceTree = BUILT_PRODUCTS_DIR; };
=======
		491FCA532A31A93F001930F7 /* iphone_11_pro.mp3 */ = {isa = PBXFileReference; lastKnownFileType = audio.mp3; path = iphone_11_pro.mp3; sourceTree = "<group>"; };
		499D2E3D2A3B464C004431AB /* AuthenticationModel.swift */ = {isa = PBXFileReference; lastKnownFileType = sourcecode.swift; path = AuthenticationModel.swift; sourceTree = "<group>"; };
		499D2E402A3B4681004431AB /* QRScanner.storyboard */ = {isa = PBXFileReference; fileEncoding = 4; lastKnownFileType = file.storyboard; path = QRScanner.storyboard; sourceTree = "<group>"; };
		499D2E412A3B4681004431AB /* QRScannerViewController.swift */ = {isa = PBXFileReference; fileEncoding = 4; lastKnownFileType = sourcecode.swift; path = QRScannerViewController.swift; sourceTree = "<group>"; };
		499D2E422A3B4681004431AB /* QRScannerRouter.swift */ = {isa = PBXFileReference; fileEncoding = 4; lastKnownFileType = sourcecode.swift; path = QRScannerRouter.swift; sourceTree = "<group>"; };
		499D2E432A3B4681004431AB /* QRScannerViewModel.swift */ = {isa = PBXFileReference; fileEncoding = 4; lastKnownFileType = sourcecode.swift; path = QRScannerViewModel.swift; sourceTree = "<group>"; };
		499D2E442A3B4681004431AB /* QRScannerBuilder.swift */ = {isa = PBXFileReference; fileEncoding = 4; lastKnownFileType = sourcecode.swift; path = QRScannerBuilder.swift; sourceTree = "<group>"; };
>>>>>>> 694d017658401580b768560b77429e5ceda9e2fa
		49A243DE2A1E2E86003A37C8 /* iOS-one2many.entitlements */ = {isa = PBXFileReference; fileEncoding = 4; lastKnownFileType = text.plist.entitlements; name = "iOS-one2many.entitlements"; path = "../../../../Downloads/iOS-one2many.entitlements"; sourceTree = "<group>"; };
		49A243DF2A1E2FE7003A37C8 /* ScreenShare.entitlements */ = {isa = PBXFileReference; fileEncoding = 4; lastKnownFileType = text.plist.entitlements; path = ScreenShare.entitlements; sourceTree = "<group>"; };
		49A243E32A1E335D003A37C8 /* AppsGroup.swift */ = {isa = PBXFileReference; fileEncoding = 4; lastKnownFileType = sourcecode.swift; path = AppsGroup.swift; sourceTree = "<group>"; };
		49CFD4952994CDF400A74579 /* VdotokShare.swift */ = {isa = PBXFileReference; lastKnownFileType = sourcecode.swift; path = VdotokShare.swift; sourceTree = "<group>"; };
		49CFD498299516CF00A74579 /* WormHoleConstants.swift */ = {isa = PBXFileReference; lastKnownFileType = sourcecode.swift; path = WormHoleConstants.swift; sourceTree = "<group>"; };
		5D0A253B26981F0000231087 /* BroadcastData.swift */ = {isa = PBXFileReference; lastKnownFileType = sourcecode.swift; path = BroadcastData.swift; sourceTree = "<group>"; };
		5D0A25572698420700231087 /* Landing.storyboard */ = {isa = PBXFileReference; lastKnownFileType = file.storyboard; path = Landing.storyboard; sourceTree = "<group>"; };
		5D0A25582698420700231087 /* LandingRouter.swift */ = {isa = PBXFileReference; lastKnownFileType = sourcecode.swift; path = LandingRouter.swift; sourceTree = "<group>"; };
		5D0A25592698420700231087 /* LandingViewController.swift */ = {isa = PBXFileReference; lastKnownFileType = sourcecode.swift; path = LandingViewController.swift; sourceTree = "<group>"; };
		5D0A255A2698420700231087 /* LandingBuilder.swift */ = {isa = PBXFileReference; lastKnownFileType = sourcecode.swift; path = LandingBuilder.swift; sourceTree = "<group>"; };
		5D0A255B2698420700231087 /* LandingViewModel.swift */ = {isa = PBXFileReference; lastKnownFileType = sourcecode.swift; path = LandingViewModel.swift; sourceTree = "<group>"; };
		5D0A25612698469000231087 /* BorderButton.swift */ = {isa = PBXFileReference; lastKnownFileType = sourcecode.swift; path = BorderButton.swift; sourceTree = "<group>"; };
		5D0A256326984B4C00231087 /* RadioButton.swift */ = {isa = PBXFileReference; lastKnownFileType = sourcecode.swift; path = RadioButton.swift; sourceTree = "<group>"; };
		5D0A25732698B37C00231087 /* BroadcastView.swift */ = {isa = PBXFileReference; lastKnownFileType = sourcecode.swift; path = BroadcastView.swift; sourceTree = "<group>"; };
		5D0A25762698BE2800231087 /* UIView+Extension.swift */ = {isa = PBXFileReference; lastKnownFileType = sourcecode.swift; path = "UIView+Extension.swift"; sourceTree = "<group>"; };
		5D1A8F802725D7890061BFB4 /* Assets.xcassets */ = {isa = PBXFileReference; lastKnownFileType = folder.assetcatalog; path = Assets.xcassets; sourceTree = "<group>"; };
		5D20D781268C56CF00B78BFE /* EditGroupRequest.swift */ = {isa = PBXFileReference; lastKnownFileType = sourcecode.swift; path = EditGroupRequest.swift; sourceTree = "<group>"; };
		5D20D784268C56E500B78BFE /* DeleteGroupRequest.swift */ = {isa = PBXFileReference; lastKnownFileType = sourcecode.swift; path = DeleteGroupRequest.swift; sourceTree = "<group>"; };
		5D20D786268C570900B78BFE /* DeleteGroupService.swift */ = {isa = PBXFileReference; lastKnownFileType = sourcecode.swift; path = DeleteGroupService.swift; sourceTree = "<group>"; };
		5D20D788268C585500B78BFE /* EditGroupService.swift */ = {isa = PBXFileReference; lastKnownFileType = sourcecode.swift; path = EditGroupService.swift; sourceTree = "<group>"; };
		5D2DC2BF28410CF900535179 /* Bundle+Extension.swift */ = {isa = PBXFileReference; lastKnownFileType = sourcecode.swift; path = "Bundle+Extension.swift"; sourceTree = "<group>"; };
		5D4738D826F1FF3300C67F6E /* TVBroadcastCell.xib */ = {isa = PBXFileReference; fileEncoding = 4; lastKnownFileType = file.xib; path = TVBroadcastCell.xib; sourceTree = "<group>"; };
		5D4738D926F1FF3300C67F6E /* TVBroadcastCell.swift */ = {isa = PBXFileReference; fileEncoding = 4; lastKnownFileType = sourcecode.swift; path = TVBroadcastCell.swift; sourceTree = "<group>"; };
		5D4738DA26F1FF3300C67F6E /* TVBroadCastBuilder.swift */ = {isa = PBXFileReference; fileEncoding = 4; lastKnownFileType = sourcecode.swift; path = TVBroadCastBuilder.swift; sourceTree = "<group>"; };
		5D4738DB26F1FF3300C67F6E /* TVBroadCastViewController.swift */ = {isa = PBXFileReference; fileEncoding = 4; lastKnownFileType = sourcecode.swift; path = TVBroadCastViewController.swift; sourceTree = "<group>"; };
		5D4738DC26F1FF3300C67F6E /* TVBroadCast.storyboard */ = {isa = PBXFileReference; fileEncoding = 4; lastKnownFileType = file.storyboard; path = TVBroadCast.storyboard; sourceTree = "<group>"; };
		5D4738DD26F1FF3300C67F6E /* TVBroadCastRouter.swift */ = {isa = PBXFileReference; fileEncoding = 4; lastKnownFileType = sourcecode.swift; path = TVBroadCastRouter.swift; sourceTree = "<group>"; };
		5D4738DE26F1FF3300C67F6E /* TVBroadCastViewModel.swift */ = {isa = PBXFileReference; fileEncoding = 4; lastKnownFileType = sourcecode.swift; path = TVBroadCastViewModel.swift; sourceTree = "<group>"; };
		5D7CD52F2677EC8C004799EA /* CreateGroupPopup.swift */ = {isa = PBXFileReference; lastKnownFileType = sourcecode.swift; path = CreateGroupPopup.swift; sourceTree = "<group>"; };
		5D7CD5302677EC8C004799EA /* CreateGroupPopup.xib */ = {isa = PBXFileReference; lastKnownFileType = file.xib; path = CreateGroupPopup.xib; sourceTree = "<group>"; };
		5D7CD5352677FC7C004799EA /* YellowButton.swift */ = {isa = PBXFileReference; lastKnownFileType = sourcecode.swift; path = YellowButton.swift; sourceTree = "<group>"; };
		5D7CD5392677FE1F004799EA /* NextButton.swift */ = {isa = PBXFileReference; lastKnownFileType = sourcecode.swift; path = NextButton.swift; sourceTree = "<group>"; };
		5D7CD53C2677FE34004799EA /* IndigoButton.swift */ = {isa = PBXFileReference; lastKnownFileType = sourcecode.swift; path = IndigoButton.swift; sourceTree = "<group>"; };
		5D7CD53F2677FEB8004799EA /* CustomButton.swift */ = {isa = PBXFileReference; lastKnownFileType = sourcecode.swift; path = CustomButton.swift; sourceTree = "<group>"; };
		5D7CD55C2678A950004799EA /* Calling.storyboard */ = {isa = PBXFileReference; lastKnownFileType = file.storyboard; path = Calling.storyboard; sourceTree = "<group>"; };
		5D7CD55D2678A950004799EA /* CallingRouter.swift */ = {isa = PBXFileReference; lastKnownFileType = sourcecode.swift; path = CallingRouter.swift; sourceTree = "<group>"; };
		5D7CD55E2678A950004799EA /* CallingViewController.swift */ = {isa = PBXFileReference; lastKnownFileType = sourcecode.swift; path = CallingViewController.swift; sourceTree = "<group>"; };
		5D7CD55F2678A950004799EA /* CallingBuilder.swift */ = {isa = PBXFileReference; lastKnownFileType = sourcecode.swift; path = CallingBuilder.swift; sourceTree = "<group>"; };
		5D7CD5602678A950004799EA /* CallingViewModel.swift */ = {isa = PBXFileReference; lastKnownFileType = sourcecode.swift; path = CallingViewModel.swift; sourceTree = "<group>"; };
		5D7CD56A2678AE1D004799EA /* GroupCallingView.swift */ = {isa = PBXFileReference; lastKnownFileType = sourcecode.swift; path = GroupCallingView.swift; sourceTree = "<group>"; };
		5D7CD56E2678AE29004799EA /* GroupCallingView.xib */ = {isa = PBXFileReference; lastKnownFileType = file.xib; path = GroupCallingView.xib; sourceTree = "<group>"; };
		5D7CD5782678B1E2004799EA /* VideoCell.swift */ = {isa = PBXFileReference; lastKnownFileType = sourcecode.swift; path = VideoCell.swift; sourceTree = "<group>"; };
		5D7CD5792678B1E2004799EA /* VideoCell.xib */ = {isa = PBXFileReference; lastKnownFileType = file.xib; path = VideoCell.xib; sourceTree = "<group>"; };
		5D83A8EB2678B68000F001DE /* Constants.swift */ = {isa = PBXFileReference; lastKnownFileType = sourcecode.swift; path = Constants.swift; sourceTree = "<group>"; };
		5D8BC0512678DB6E001F1B9B /* IncomingCall.xib */ = {isa = PBXFileReference; lastKnownFileType = file.xib; path = IncomingCall.xib; sourceTree = "<group>"; };
		5D8BC0532678DB83001F1B9B /* IncomingCall.swift */ = {isa = PBXFileReference; lastKnownFileType = sourcecode.swift; path = IncomingCall.swift; sourceTree = "<group>"; };
		5DA2C26D2677922E00B6F36C /* CreateGroup.storyboard */ = {isa = PBXFileReference; lastKnownFileType = file.storyboard; path = CreateGroup.storyboard; sourceTree = "<group>"; };
		5DA2C26E2677922E00B6F36C /* CreateGroupRouter.swift */ = {isa = PBXFileReference; lastKnownFileType = sourcecode.swift; path = CreateGroupRouter.swift; sourceTree = "<group>"; };
		5DA2C26F2677922E00B6F36C /* CreateGroupViewController.swift */ = {isa = PBXFileReference; lastKnownFileType = sourcecode.swift; path = CreateGroupViewController.swift; sourceTree = "<group>"; };
		5DA2C2702677922E00B6F36C /* CreateGroupBuilder.swift */ = {isa = PBXFileReference; lastKnownFileType = sourcecode.swift; path = CreateGroupBuilder.swift; sourceTree = "<group>"; };
		5DA2C2712677922E00B6F36C /* CreateGroupViewModel.swift */ = {isa = PBXFileReference; lastKnownFileType = sourcecode.swift; path = CreateGroupViewModel.swift; sourceTree = "<group>"; };
		5DA2C2792677A58B00B6F36C /* AllUsersService.swift */ = {isa = PBXFileReference; lastKnownFileType = sourcecode.swift; path = AllUsersService.swift; sourceTree = "<group>"; };
		5DA2C27C2677A5A100B6F36C /* AllUsersReponse.swift */ = {isa = PBXFileReference; lastKnownFileType = sourcecode.swift; path = AllUsersReponse.swift; sourceTree = "<group>"; };
		5DA2C27F2677A61000B6F36C /* CreateGroupService.swift */ = {isa = PBXFileReference; lastKnownFileType = sourcecode.swift; path = CreateGroupService.swift; sourceTree = "<group>"; };
		5DA2C2822677A62A00B6F36C /* CreateGroupResponse.swift */ = {isa = PBXFileReference; lastKnownFileType = sourcecode.swift; path = CreateGroupResponse.swift; sourceTree = "<group>"; };
		5DA2C2852677A64E00B6F36C /* CreateGroupRequest.swift */ = {isa = PBXFileReference; lastKnownFileType = sourcecode.swift; path = CreateGroupRequest.swift; sourceTree = "<group>"; };
		5DA2C2882677A67700B6F36C /* AllUserRequest.swift */ = {isa = PBXFileReference; lastKnownFileType = sourcecode.swift; path = AllUserRequest.swift; sourceTree = "<group>"; };
		5DA2C2982677A98100B6F36C /* CreateGroupCell.swift */ = {isa = PBXFileReference; lastKnownFileType = sourcecode.swift; path = CreateGroupCell.swift; sourceTree = "<group>"; };
		5DA2C2992677A98100B6F36C /* CreateGroupCell.xib */ = {isa = PBXFileReference; lastKnownFileType = file.xib; path = CreateGroupCell.xib; sourceTree = "<group>"; };
		5DA7BBE3267562A800A3E292 /* iOS-one2many.app */ = {isa = PBXFileReference; explicitFileType = wrapper.application; includeInIndex = 0; path = "iOS-one2many.app"; sourceTree = BUILT_PRODUCTS_DIR; };
		5DA7BBE6267562A800A3E292 /* AppDelegate.swift */ = {isa = PBXFileReference; lastKnownFileType = sourcecode.swift; path = AppDelegate.swift; sourceTree = "<group>"; };
		5DA7BBEA267562A800A3E292 /* ViewController.swift */ = {isa = PBXFileReference; lastKnownFileType = sourcecode.swift; path = ViewController.swift; sourceTree = "<group>"; };
		5DA7BBED267562A800A3E292 /* Base */ = {isa = PBXFileReference; lastKnownFileType = file.storyboard; name = Base; path = Base.lproj/Main.storyboard; sourceTree = "<group>"; };
		5DA7BBF2267562AA00A3E292 /* Base */ = {isa = PBXFileReference; lastKnownFileType = file.storyboard; name = Base; path = Base.lproj/LaunchScreen.storyboard; sourceTree = "<group>"; };
		5DA7BBF4267562AA00A3E292 /* Info.plist */ = {isa = PBXFileReference; lastKnownFileType = text.plist.xml; path = Info.plist; sourceTree = "<group>"; };
		5DA7BC062675FCCD00A3E292 /* AuthenticationService.swift */ = {isa = PBXFileReference; lastKnownFileType = sourcecode.swift; path = AuthenticationService.swift; sourceTree = "<group>"; };
		5DA7BC0A2675FCF300A3E292 /* AuthenticateRequest.swift */ = {isa = PBXFileReference; lastKnownFileType = sourcecode.swift; path = AuthenticateRequest.swift; sourceTree = "<group>"; };
		5DA7BC0E2675FD1B00A3E292 /* Service.swift */ = {isa = PBXFileReference; lastKnownFileType = sourcecode.swift; path = Service.swift; sourceTree = "<group>"; };
		5DA7BC122675FD3500A3E292 /* BaseDataStore.swift */ = {isa = PBXFileReference; lastKnownFileType = sourcecode.swift; path = BaseDataStore.swift; sourceTree = "<group>"; };
		5DA7BC152675FD4500A3E292 /* ApiRequest.swift */ = {isa = PBXFileReference; lastKnownFileType = sourcecode.swift; path = ApiRequest.swift; sourceTree = "<group>"; };
		5DA7BC1A2675FD7600A3E292 /* VDOTOKObject.swift */ = {isa = PBXFileReference; lastKnownFileType = sourcecode.swift; path = VDOTOKObject.swift; sourceTree = "<group>"; };
		5DA7BC1E2675FD9800A3E292 /* Translation.swift */ = {isa = PBXFileReference; lastKnownFileType = sourcecode.swift; path = Translation.swift; sourceTree = "<group>"; };
		5DA7BC222675FDDC00A3E292 /* UserResponse.swift */ = {isa = PBXFileReference; lastKnownFileType = sourcecode.swift; path = UserResponse.swift; sourceTree = "<group>"; };
		5DA7BC272675FE0900A3E292 /* Login.storyboard */ = {isa = PBXFileReference; lastKnownFileType = file.storyboard; path = Login.storyboard; sourceTree = "<group>"; };
		5DA7BC282675FE0900A3E292 /* LoginRouter.swift */ = {isa = PBXFileReference; lastKnownFileType = sourcecode.swift; path = LoginRouter.swift; sourceTree = "<group>"; };
		5DA7BC292675FE0900A3E292 /* LoginViewController.swift */ = {isa = PBXFileReference; lastKnownFileType = sourcecode.swift; path = LoginViewController.swift; sourceTree = "<group>"; };
		5DA7BC2A2675FE0900A3E292 /* LoginBuilder.swift */ = {isa = PBXFileReference; lastKnownFileType = sourcecode.swift; path = LoginBuilder.swift; sourceTree = "<group>"; };
		5DA7BC2B2675FE0900A3E292 /* LoginViewModel.swift */ = {isa = PBXFileReference; lastKnownFileType = sourcecode.swift; path = LoginViewModel.swift; sourceTree = "<group>"; };
		5DA7BC352675FE6300A3E292 /* SignUp.storyboard */ = {isa = PBXFileReference; lastKnownFileType = file.storyboard; path = SignUp.storyboard; sourceTree = "<group>"; };
		5DA7BC362675FE6300A3E292 /* SignUpRouter.swift */ = {isa = PBXFileReference; lastKnownFileType = sourcecode.swift; path = SignUpRouter.swift; sourceTree = "<group>"; };
		5DA7BC372675FE6300A3E292 /* SignUpViewController.swift */ = {isa = PBXFileReference; lastKnownFileType = sourcecode.swift; path = SignUpViewController.swift; sourceTree = "<group>"; };
		5DA7BC382675FE6300A3E292 /* SignUpBuilder.swift */ = {isa = PBXFileReference; lastKnownFileType = sourcecode.swift; path = SignUpBuilder.swift; sourceTree = "<group>"; };
		5DA7BC392675FE6300A3E292 /* SignUpViewModel.swift */ = {isa = PBXFileReference; lastKnownFileType = sourcecode.swift; path = SignUpViewModel.swift; sourceTree = "<group>"; };
		5DA7BC422675FE8300A3E292 /* Channel.storyboard */ = {isa = PBXFileReference; lastKnownFileType = file.storyboard; path = Channel.storyboard; sourceTree = "<group>"; };
		5DA7BC432675FE8300A3E292 /* ChannelRouter.swift */ = {isa = PBXFileReference; lastKnownFileType = sourcecode.swift; path = ChannelRouter.swift; sourceTree = "<group>"; };
		5DA7BC442675FE8300A3E292 /* ChannelViewController.swift */ = {isa = PBXFileReference; lastKnownFileType = sourcecode.swift; path = ChannelViewController.swift; sourceTree = "<group>"; };
		5DA7BC452675FE8300A3E292 /* ChannelBuilder.swift */ = {isa = PBXFileReference; lastKnownFileType = sourcecode.swift; path = ChannelBuilder.swift; sourceTree = "<group>"; };
		5DA7BC462675FE8300A3E292 /* ChannelViewModel.swift */ = {isa = PBXFileReference; lastKnownFileType = sourcecode.swift; path = ChannelViewModel.swift; sourceTree = "<group>"; };
		5DA7BC55267754A000A3E292 /* Reachability.swift */ = {isa = PBXFileReference; lastKnownFileType = sourcecode.swift; path = Reachability.swift; sourceTree = "<group>"; };
		5DA7BC58267754CD00A3E292 /* ProgresHud.swift */ = {isa = PBXFileReference; lastKnownFileType = sourcecode.swift; path = ProgresHud.swift; sourceTree = "<group>"; };
		5DA7BC5B2677552500A3E292 /* LoginService.swift */ = {isa = PBXFileReference; lastKnownFileType = sourcecode.swift; path = LoginService.swift; sourceTree = "<group>"; };
		5DA7BC5E2677553900A3E292 /* LoginRequest.swift */ = {isa = PBXFileReference; lastKnownFileType = sourcecode.swift; path = LoginRequest.swift; sourceTree = "<group>"; };
		5DA7BC61267755C700A3E292 /* ValidateUserNameService.swift */ = {isa = PBXFileReference; lastKnownFileType = sourcecode.swift; path = ValidateUserNameService.swift; sourceTree = "<group>"; };
		5DA7BC64267755E600A3E292 /* ValidateUserNameRequest.swift */ = {isa = PBXFileReference; lastKnownFileType = sourcecode.swift; path = ValidateUserNameRequest.swift; sourceTree = "<group>"; };
		5DA7BC672677562300A3E292 /* CheckUserNameResponse.swift */ = {isa = PBXFileReference; lastKnownFileType = sourcecode.swift; path = CheckUserNameResponse.swift; sourceTree = "<group>"; };
		5DA7BC6A2677564F00A3E292 /* SignupService.swift */ = {isa = PBXFileReference; lastKnownFileType = sourcecode.swift; path = SignupService.swift; sourceTree = "<group>"; };
		5DA7BC6D2677567000A3E292 /* SignupRequest.swift */ = {isa = PBXFileReference; lastKnownFileType = sourcecode.swift; path = SignupRequest.swift; sourceTree = "<group>"; };
		5DA7BC702677589700A3E292 /* GroupResponse.swift */ = {isa = PBXFileReference; lastKnownFileType = sourcecode.swift; path = GroupResponse.swift; sourceTree = "<group>"; };
		5DA7BC732677594300A3E292 /* AllGroupService.swift */ = {isa = PBXFileReference; lastKnownFileType = sourcecode.swift; path = AllGroupService.swift; sourceTree = "<group>"; };
		5DA7BC762677595700A3E292 /* AllGroupRequest.swift */ = {isa = PBXFileReference; lastKnownFileType = sourcecode.swift; path = AllGroupRequest.swift; sourceTree = "<group>"; };
		5DA7BC8026775A3900A3E292 /* GroupCell.swift */ = {isa = PBXFileReference; lastKnownFileType = sourcecode.swift; path = GroupCell.swift; sourceTree = "<group>"; };
		5DA7BC8126775A3900A3E292 /* GroupCell.xib */ = {isa = PBXFileReference; lastKnownFileType = file.xib; path = GroupCell.xib; sourceTree = "<group>"; };
		5DA7BC8626775AB900A3E292 /* Color+Extension.swift */ = {isa = PBXFileReference; lastKnownFileType = sourcecode.swift; path = "Color+Extension.swift"; sourceTree = "<group>"; };
		5DA7BC8A26775C9E00A3E292 /* Colors.xcassets */ = {isa = PBXFileReference; lastKnownFileType = folder.assetcatalog; path = Colors.xcassets; sourceTree = "<group>"; };
		5DBB9F3326A1A859000F51E6 /* DraggableView.swift */ = {isa = PBXFileReference; fileEncoding = 4; lastKnownFileType = sourcecode.swift; path = DraggableView.swift; sourceTree = "<group>"; };
		5DE4B39026970899009DAE5B /* ScreenShare.appex */ = {isa = PBXFileReference; explicitFileType = "wrapper.app-extension"; includeInIndex = 0; path = ScreenShare.appex; sourceTree = BUILT_PRODUCTS_DIR; };
		5DE4B39126970899009DAE5B /* ReplayKit.framework */ = {isa = PBXFileReference; lastKnownFileType = wrapper.framework; name = ReplayKit.framework; path = System/Library/Frameworks/ReplayKit.framework; sourceTree = SDKROOT; };
		5DE4B39426970899009DAE5B /* SampleHandler.swift */ = {isa = PBXFileReference; lastKnownFileType = sourcecode.swift; path = SampleHandler.swift; sourceTree = "<group>"; };
		5DE4B39626970899009DAE5B /* Info.plist */ = {isa = PBXFileReference; lastKnownFileType = text.plist.xml; path = Info.plist; sourceTree = "<group>"; };
		5DE4B39B26970899009DAE5B /* ScreenShareSetupUI.appex */ = {isa = PBXFileReference; explicitFileType = "wrapper.app-extension"; includeInIndex = 0; path = ScreenShareSetupUI.appex; sourceTree = BUILT_PRODUCTS_DIR; };
		5DE4B39D26970899009DAE5B /* UIKit.framework */ = {isa = PBXFileReference; lastKnownFileType = wrapper.framework; name = UIKit.framework; path = System/Library/Frameworks/UIKit.framework; sourceTree = SDKROOT; };
		5DE4B3A026970899009DAE5B /* BroadcastSetupViewController.swift */ = {isa = PBXFileReference; lastKnownFileType = sourcecode.swift; path = BroadcastSetupViewController.swift; sourceTree = "<group>"; };
		5DE4B3A226970899009DAE5B /* Info.plist */ = {isa = PBXFileReference; lastKnownFileType = text.plist.xml; path = Info.plist; sourceTree = "<group>"; };
		5DE4B3B226970944009DAE5B /* ScreenShareSetupUI.entitlements */ = {isa = PBXFileReference; lastKnownFileType = text.plist.entitlements; path = ScreenShareSetupUI.entitlements; sourceTree = "<group>"; };
		5DE5836A269D7B7000985CFA /* ScreenSharePopup.xib */ = {isa = PBXFileReference; lastKnownFileType = file.xib; path = ScreenSharePopup.xib; sourceTree = "<group>"; };
		5DE5836D269D7B8400985CFA /* ScreenSharePopup.swift */ = {isa = PBXFileReference; lastKnownFileType = sourcecode.swift; path = ScreenSharePopup.swift; sourceTree = "<group>"; };
		64387AFAFB49E684C2C4868A /* Pods-ScreenShare.debug.xcconfig */ = {isa = PBXFileReference; includeInIndex = 1; lastKnownFileType = text.xcconfig; name = "Pods-ScreenShare.debug.xcconfig"; path = "Target Support Files/Pods-ScreenShare/Pods-ScreenShare.debug.xcconfig"; sourceTree = "<group>"; };
		67FD4F88345E54A6D5C42C90 /* Pods-iOS-one2many.release.xcconfig */ = {isa = PBXFileReference; includeInIndex = 1; lastKnownFileType = text.xcconfig; name = "Pods-iOS-one2many.release.xcconfig"; path = "Target Support Files/Pods-iOS-one2many/Pods-iOS-one2many.release.xcconfig"; sourceTree = "<group>"; };
		6A8B1E1AAE4A2D6CB6863F9C /* Pods-iOS-one2many.debug.xcconfig */ = {isa = PBXFileReference; includeInIndex = 1; lastKnownFileType = text.xcconfig; name = "Pods-iOS-one2many.debug.xcconfig"; path = "Target Support Files/Pods-iOS-one2many/Pods-iOS-one2many.debug.xcconfig"; sourceTree = "<group>"; };
		7666249CE1FF488FBB93B168 /* Pods_ScreenShare.framework */ = {isa = PBXFileReference; explicitFileType = wrapper.framework; includeInIndex = 0; path = Pods_ScreenShare.framework; sourceTree = BUILT_PRODUCTS_DIR; };
		A85D93E12702FE7D003A3375 /* BroadcastView.xib */ = {isa = PBXFileReference; fileEncoding = 4; lastKnownFileType = file.xib; path = BroadcastView.xib; sourceTree = "<group>"; };
/* End PBXFileReference section */

/* Begin PBXFrameworksBuildPhase section */
		5DA7BBE0267562A800A3E292 /* Frameworks */ = {
			isa = PBXFrameworksBuildPhase;
			buildActionMask = 2147483647;
			files = (
				0FABBE0D2A37300200E54FE6 /* iOSSDKStreaming.framework in Frameworks */,
				C87AF989304CCA741D2FC702 /* Pods_iOS_one2many.framework in Frameworks */,
			);
			runOnlyForDeploymentPostprocessing = 0;
		};
		5DE4B38D26970899009DAE5B /* Frameworks */ = {
			isa = PBXFrameworksBuildPhase;
			buildActionMask = 2147483647;
			files = (
				5DE4B39226970899009DAE5B /* ReplayKit.framework in Frameworks */,
				E072FF86CD0B145BF144B3C6 /* Pods_ScreenShare.framework in Frameworks */,
				0FABBE0F2A37300600E54FE6 /* iOSSDKStreaming.framework in Frameworks */,
			);
			runOnlyForDeploymentPostprocessing = 0;
		};
		5DE4B39826970899009DAE5B /* Frameworks */ = {
			isa = PBXFrameworksBuildPhase;
			buildActionMask = 2147483647;
			files = (
				5DE4B39C26970899009DAE5B /* ReplayKit.framework in Frameworks */,
				5DE4B39E26970899009DAE5B /* UIKit.framework in Frameworks */,
			);
			runOnlyForDeploymentPostprocessing = 0;
		};
/* End PBXFrameworksBuildPhase section */

/* Begin PBXGroup section */
<<<<<<< HEAD
		0FABBE082A372FFA00E54FE6 /* Products */ = {
			isa = PBXGroup;
			children = (
				0FABBE0C2A372FFA00E54FE6 /* iOSSDKStreaming.framework */,
			);
			name = Products;
=======
		499D2E3F2A3B4664004431AB /* QRCode */ = {
			isa = PBXGroup;
			children = (
				499D2E402A3B4681004431AB /* QRScanner.storyboard */,
				499D2E442A3B4681004431AB /* QRScannerBuilder.swift */,
				499D2E422A3B4681004431AB /* QRScannerRouter.swift */,
				499D2E412A3B4681004431AB /* QRScannerViewController.swift */,
				499D2E432A3B4681004431AB /* QRScannerViewModel.swift */,
			);
			path = QRCode;
>>>>>>> 694d017658401580b768560b77429e5ceda9e2fa
			sourceTree = "<group>";
		};
		5D0A25552698416500231087 /* Landing */ = {
			isa = PBXGroup;
			children = (
				5D0A25572698420700231087 /* Landing.storyboard */,
				5D0A25582698420700231087 /* LandingRouter.swift */,
				5D0A25592698420700231087 /* LandingViewController.swift */,
				5D0A255A2698420700231087 /* LandingBuilder.swift */,
				5D0A255B2698420700231087 /* LandingViewModel.swift */,
			);
			path = Landing;
			sourceTree = "<group>";
		};
		5D0A25752698BE0D00231087 /* Extensions */ = {
			isa = PBXGroup;
			children = (
				5DA7BC8626775AB900A3E292 /* Color+Extension.swift */,
				5D0A25762698BE2800231087 /* UIView+Extension.swift */,
				5D2DC2BF28410CF900535179 /* Bundle+Extension.swift */,
				49CFD498299516CF00A74579 /* WormHoleConstants.swift */,
			);
			path = Extensions;
			sourceTree = "<group>";
		};
		5D4738D526F1FEF200C67F6E /* AppleTV */ = {
			isa = PBXGroup;
			children = (
				5D4738D726F1FF3300C67F6E /* Cells */,
				5D4738DC26F1FF3300C67F6E /* TVBroadCast.storyboard */,
				5D4738DA26F1FF3300C67F6E /* TVBroadCastBuilder.swift */,
				5D4738DD26F1FF3300C67F6E /* TVBroadCastRouter.swift */,
				5D4738DB26F1FF3300C67F6E /* TVBroadCastViewController.swift */,
				5D4738DE26F1FF3300C67F6E /* TVBroadCastViewModel.swift */,
			);
			path = AppleTV;
			sourceTree = "<group>";
		};
		5D4738D726F1FF3300C67F6E /* Cells */ = {
			isa = PBXGroup;
			children = (
				5D4738D826F1FF3300C67F6E /* TVBroadcastCell.xib */,
				5D4738D926F1FF3300C67F6E /* TVBroadcastCell.swift */,
			);
			path = Cells;
			sourceTree = "<group>";
		};
		5D7CD5342677FC71004799EA /* Buttons */ = {
			isa = PBXGroup;
			children = (
				5D7CD5352677FC7C004799EA /* YellowButton.swift */,
				5D7CD5392677FE1F004799EA /* NextButton.swift */,
				5D7CD53C2677FE34004799EA /* IndigoButton.swift */,
				5D7CD53F2677FEB8004799EA /* CustomButton.swift */,
				5D0A25612698469000231087 /* BorderButton.swift */,
				5D0A256326984B4C00231087 /* RadioButton.swift */,
			);
			path = Buttons;
			sourceTree = "<group>";
		};
		5D7CD5672678A955004799EA /* Calling */ = {
			isa = PBXGroup;
			children = (
				5D4738D526F1FEF200C67F6E /* AppleTV */,
				5D7CD5692678ADCA004799EA /* Xib */,
				5D7CD55C2678A950004799EA /* Calling.storyboard */,
				5D7CD55D2678A950004799EA /* CallingRouter.swift */,
				5D7CD55E2678A950004799EA /* CallingViewController.swift */,
				5D7CD55F2678A950004799EA /* CallingBuilder.swift */,
				5D7CD5602678A950004799EA /* CallingViewModel.swift */,
			);
			path = Calling;
			sourceTree = "<group>";
		};
		5D7CD5692678ADCA004799EA /* Xib */ = {
			isa = PBXGroup;
			children = (
				5D7CD56A2678AE1D004799EA /* GroupCallingView.swift */,
				5D7CD56E2678AE29004799EA /* GroupCallingView.xib */,
				5D7CD5782678B1E2004799EA /* VideoCell.swift */,
				5D7CD5792678B1E2004799EA /* VideoCell.xib */,
				5D8BC0512678DB6E001F1B9B /* IncomingCall.xib */,
				5D8BC0532678DB83001F1B9B /* IncomingCall.swift */,
				A85D93E12702FE7D003A3375 /* BroadcastView.xib */,
				5D0A25732698B37C00231087 /* BroadcastView.swift */,
			);
			path = Xib;
			sourceTree = "<group>";
		};
		5DA2C26C2677921600B6F36C /* CreateGroup */ = {
			isa = PBXGroup;
			children = (
				5DA2C2922677A93D00B6F36C /* Cell */,
				5DA2C28B2677A70600B6F36C /* Popup */,
				5DA2C26D2677922E00B6F36C /* CreateGroup.storyboard */,
				5DA2C26E2677922E00B6F36C /* CreateGroupRouter.swift */,
				5DA2C26F2677922E00B6F36C /* CreateGroupViewController.swift */,
				5DA2C2702677922E00B6F36C /* CreateGroupBuilder.swift */,
				5DA2C2712677922E00B6F36C /* CreateGroupViewModel.swift */,
			);
			path = CreateGroup;
			sourceTree = "<group>";
		};
		5DA2C28B2677A70600B6F36C /* Popup */ = {
			isa = PBXGroup;
			children = (
				5D7CD52F2677EC8C004799EA /* CreateGroupPopup.swift */,
				5D7CD5302677EC8C004799EA /* CreateGroupPopup.xib */,
				5DE5836A269D7B7000985CFA /* ScreenSharePopup.xib */,
				5DE5836D269D7B8400985CFA /* ScreenSharePopup.swift */,
			);
			path = Popup;
			sourceTree = "<group>";
		};
		5DA2C2922677A93D00B6F36C /* Cell */ = {
			isa = PBXGroup;
			children = (
				5DA2C2982677A98100B6F36C /* CreateGroupCell.swift */,
				5DA2C2992677A98100B6F36C /* CreateGroupCell.xib */,
			);
			path = Cell;
			sourceTree = "<group>";
		};
		5DA7BBDA267562A800A3E292 = {
			isa = PBXGroup;
			children = (
				5DA7BBE5267562A800A3E292 /* iOS-one2many */,
				5DE4B39326970899009DAE5B /* ScreenShare */,
				5DE4B39F26970899009DAE5B /* ScreenShareSetupUI */,
				5DA7BBE4267562A800A3E292 /* Products */,
				B6FB81162196AF1941014299 /* Pods */,
				9B19ADD66EA896176EE4051A /* Frameworks */,
			);
			sourceTree = "<group>";
		};
		5DA7BBE4267562A800A3E292 /* Products */ = {
			isa = PBXGroup;
			children = (
				5DA7BBE3267562A800A3E292 /* iOS-one2many.app */,
				5DE4B39026970899009DAE5B /* ScreenShare.appex */,
				5DE4B39B26970899009DAE5B /* ScreenShareSetupUI.appex */,
			);
			name = Products;
			sourceTree = "<group>";
		};
		5DA7BBE5267562A800A3E292 /* iOS-one2many */ = {
			isa = PBXGroup;
			children = (
<<<<<<< HEAD
				0FABBE072A372FFA00E54FE6 /* iOSSDKStreaming.xcodeproj */,
=======
				491FCA532A31A93F001930F7 /* iphone_11_pro.mp3 */,
>>>>>>> 694d017658401580b768560b77429e5ceda9e2fa
				49A243DE2A1E2E86003A37C8 /* iOS-one2many.entitlements */,
				5DA7BC262675FDF700A3E292 /* Modules */,
				5DA7BC212675FDCA00A3E292 /* Model */,
				5DA7BC182675FD5B00A3E292 /* Common */,
				5DA7BC0D2675FD0C00A3E292 /* Service */,
				5DA7BC032675FC7300A3E292 /* DataStore */,
				5DA7BBE6267562A800A3E292 /* AppDelegate.swift */,
				5DA7BBEA267562A800A3E292 /* ViewController.swift */,
				5DA7BBEC267562A800A3E292 /* Main.storyboard */,
				5DA7BC8A26775C9E00A3E292 /* Colors.xcassets */,
				5D1A8F802725D7890061BFB4 /* Assets.xcassets */,
				5DA7BBF1267562AA00A3E292 /* LaunchScreen.storyboard */,
				5DA7BBF4267562AA00A3E292 /* Info.plist */,
			);
			path = "iOS-one2many";
			sourceTree = "<group>";
		};
		5DA7BC032675FC7300A3E292 /* DataStore */ = {
			isa = PBXGroup;
			children = (
				5DA7BC052675FCB400A3E292 /* Request */,
				5DA7BC042675FCAA00A3E292 /* Service */,
			);
			path = DataStore;
			sourceTree = "<group>";
		};
		5DA7BC042675FCAA00A3E292 /* Service */ = {
			isa = PBXGroup;
			children = (
				5DA7BC062675FCCD00A3E292 /* AuthenticationService.swift */,
				5DA7BC5B2677552500A3E292 /* LoginService.swift */,
				5DA7BC61267755C700A3E292 /* ValidateUserNameService.swift */,
				5DA7BC6A2677564F00A3E292 /* SignupService.swift */,
				5DA7BC732677594300A3E292 /* AllGroupService.swift */,
				5DA2C2792677A58B00B6F36C /* AllUsersService.swift */,
				5DA2C27F2677A61000B6F36C /* CreateGroupService.swift */,
				5D20D786268C570900B78BFE /* DeleteGroupService.swift */,
				5D20D788268C585500B78BFE /* EditGroupService.swift */,
			);
			path = Service;
			sourceTree = "<group>";
		};
		5DA7BC052675FCB400A3E292 /* Request */ = {
			isa = PBXGroup;
			children = (
				5DA7BC0A2675FCF300A3E292 /* AuthenticateRequest.swift */,
				5DA7BC5E2677553900A3E292 /* LoginRequest.swift */,
				5DA7BC64267755E600A3E292 /* ValidateUserNameRequest.swift */,
				5DA7BC6D2677567000A3E292 /* SignupRequest.swift */,
				5DA7BC762677595700A3E292 /* AllGroupRequest.swift */,
				5DA2C2852677A64E00B6F36C /* CreateGroupRequest.swift */,
				5DA2C2882677A67700B6F36C /* AllUserRequest.swift */,
				5D20D781268C56CF00B78BFE /* EditGroupRequest.swift */,
				5D20D784268C56E500B78BFE /* DeleteGroupRequest.swift */,
			);
			path = Request;
			sourceTree = "<group>";
		};
		5DA7BC0D2675FD0C00A3E292 /* Service */ = {
			isa = PBXGroup;
			children = (
				5DA7BC0E2675FD1B00A3E292 /* Service.swift */,
				5DA7BC122675FD3500A3E292 /* BaseDataStore.swift */,
				5DA7BC152675FD4500A3E292 /* ApiRequest.swift */,
				5DA7BC1E2675FD9800A3E292 /* Translation.swift */,
			);
			path = Service;
			sourceTree = "<group>";
		};
		5DA7BC182675FD5B00A3E292 /* Common */ = {
			isa = PBXGroup;
			children = (
				5D0A25752698BE0D00231087 /* Extensions */,
				5D7CD5342677FC71004799EA /* Buttons */,
				5DA7BC192675FD6400A3E292 /* UserDefaults */,
				5DA7BC55267754A000A3E292 /* Reachability.swift */,
				5DA7BC58267754CD00A3E292 /* ProgresHud.swift */,
				5DBB9F3326A1A859000F51E6 /* DraggableView.swift */,
				5D83A8EB2678B68000F001DE /* Constants.swift */,
			);
			path = Common;
			sourceTree = "<group>";
		};
		5DA7BC192675FD6400A3E292 /* UserDefaults */ = {
			isa = PBXGroup;
			children = (
				5DA7BC1A2675FD7600A3E292 /* VDOTOKObject.swift */,
				49CFD4952994CDF400A74579 /* VdotokShare.swift */,
			);
			path = UserDefaults;
			sourceTree = "<group>";
		};
		5DA7BC212675FDCA00A3E292 /* Model */ = {
			isa = PBXGroup;
			children = (
				49A243E32A1E335D003A37C8 /* AppsGroup.swift */,
				5DA7BC222675FDDC00A3E292 /* UserResponse.swift */,
				5DA7BC672677562300A3E292 /* CheckUserNameResponse.swift */,
				5DA7BC702677589700A3E292 /* GroupResponse.swift */,
				5DA2C27C2677A5A100B6F36C /* AllUsersReponse.swift */,
				5DA2C2822677A62A00B6F36C /* CreateGroupResponse.swift */,
				5D0A253B26981F0000231087 /* BroadcastData.swift */,
				499D2E3D2A3B464C004431AB /* AuthenticationModel.swift */,
			);
			path = Model;
			sourceTree = "<group>";
		};
		5DA7BC262675FDF700A3E292 /* Modules */ = {
			isa = PBXGroup;
			children = (
				499D2E3F2A3B4664004431AB /* QRCode */,
				5D0A25552698416500231087 /* Landing */,
				5D7CD5672678A955004799EA /* Calling */,
				5DA2C26C2677921600B6F36C /* CreateGroup */,
				5DA7BC412675FE6C00A3E292 /* Channel */,
				5DA7BC342675FE3A00A3E292 /* SignUp */,
				5DA7BC332675FE2300A3E292 /* Login */,
			);
			path = Modules;
			sourceTree = "<group>";
		};
		5DA7BC332675FE2300A3E292 /* Login */ = {
			isa = PBXGroup;
			children = (
				5DA7BC272675FE0900A3E292 /* Login.storyboard */,
				5DA7BC282675FE0900A3E292 /* LoginRouter.swift */,
				5DA7BC292675FE0900A3E292 /* LoginViewController.swift */,
				5DA7BC2A2675FE0900A3E292 /* LoginBuilder.swift */,
				5DA7BC2B2675FE0900A3E292 /* LoginViewModel.swift */,
			);
			path = Login;
			sourceTree = "<group>";
		};
		5DA7BC342675FE3A00A3E292 /* SignUp */ = {
			isa = PBXGroup;
			children = (
				5DA7BC352675FE6300A3E292 /* SignUp.storyboard */,
				5DA7BC362675FE6300A3E292 /* SignUpRouter.swift */,
				5DA7BC372675FE6300A3E292 /* SignUpViewController.swift */,
				5DA7BC382675FE6300A3E292 /* SignUpBuilder.swift */,
				5DA7BC392675FE6300A3E292 /* SignUpViewModel.swift */,
			);
			path = SignUp;
			sourceTree = "<group>";
		};
		5DA7BC412675FE6C00A3E292 /* Channel */ = {
			isa = PBXGroup;
			children = (
				5DA7BC7F26775A1500A3E292 /* Cell */,
				5DA7BC422675FE8300A3E292 /* Channel.storyboard */,
				5DA7BC432675FE8300A3E292 /* ChannelRouter.swift */,
				5DA7BC442675FE8300A3E292 /* ChannelViewController.swift */,
				5DA7BC452675FE8300A3E292 /* ChannelBuilder.swift */,
				5DA7BC462675FE8300A3E292 /* ChannelViewModel.swift */,
			);
			path = Channel;
			sourceTree = "<group>";
		};
		5DA7BC7F26775A1500A3E292 /* Cell */ = {
			isa = PBXGroup;
			children = (
				5DA7BC8026775A3900A3E292 /* GroupCell.swift */,
				5DA7BC8126775A3900A3E292 /* GroupCell.xib */,
			);
			path = Cell;
			sourceTree = "<group>";
		};
		5DE4B39326970899009DAE5B /* ScreenShare */ = {
			isa = PBXGroup;
			children = (
				49A243DF2A1E2FE7003A37C8 /* ScreenShare.entitlements */,
				5DE4B39426970899009DAE5B /* SampleHandler.swift */,
				5DE4B39626970899009DAE5B /* Info.plist */,
			);
			path = ScreenShare;
			sourceTree = "<group>";
		};
		5DE4B39F26970899009DAE5B /* ScreenShareSetupUI */ = {
			isa = PBXGroup;
			children = (
				5DE4B3B226970944009DAE5B /* ScreenShareSetupUI.entitlements */,
				5DE4B3A026970899009DAE5B /* BroadcastSetupViewController.swift */,
				5DE4B3A226970899009DAE5B /* Info.plist */,
			);
			path = ScreenShareSetupUI;
			sourceTree = "<group>";
		};
		9B19ADD66EA896176EE4051A /* Frameworks */ = {
			isa = PBXGroup;
			children = (
				5DE4B39126970899009DAE5B /* ReplayKit.framework */,
				5DE4B39D26970899009DAE5B /* UIKit.framework */,
				7666249CE1FF488FBB93B168 /* Pods_ScreenShare.framework */,
				41836F60B109339CA0EE511E /* Pods_iOS_one2many.framework */,
			);
			name = Frameworks;
			sourceTree = "<group>";
		};
		B6FB81162196AF1941014299 /* Pods */ = {
			isa = PBXGroup;
			children = (
				64387AFAFB49E684C2C4868A /* Pods-ScreenShare.debug.xcconfig */,
				2380E8A6E404E35947FA6EAE /* Pods-ScreenShare.release.xcconfig */,
				6A8B1E1AAE4A2D6CB6863F9C /* Pods-iOS-one2many.debug.xcconfig */,
				67FD4F88345E54A6D5C42C90 /* Pods-iOS-one2many.release.xcconfig */,
			);
			path = Pods;
			sourceTree = "<group>";
		};
/* End PBXGroup section */

/* Begin PBXNativeTarget section */
		5DA7BBE2267562A800A3E292 /* iOS-one2many */ = {
			isa = PBXNativeTarget;
			buildConfigurationList = 5DA7BBF7267562AA00A3E292 /* Build configuration list for PBXNativeTarget "iOS-one2many" */;
			buildPhases = (
				A76AAE0C14149F0AF8468F60 /* [CP] Check Pods Manifest.lock */,
				5DA7BBDF267562A800A3E292 /* Sources */,
				5DA7BBE0267562A800A3E292 /* Frameworks */,
				5DA7BBE1267562A800A3E292 /* Resources */,
				5DE4B3AF26970899009DAE5B /* Embed App Extensions */,
				49E6849E297FA5580039C025 /* Embed Frameworks */,
				73ACFA9E444E48B823B38D17 /* [CP] Embed Pods Frameworks */,
			);
			buildRules = (
			);
			dependencies = (
				5DE4B3A426970899009DAE5B /* PBXTargetDependency */,
				5DE4B3A726970899009DAE5B /* PBXTargetDependency */,
			);
			name = "iOS-one2many";
			productName = "Many-to-many-call";
			productReference = 5DA7BBE3267562A800A3E292 /* iOS-one2many.app */;
			productType = "com.apple.product-type.application";
		};
		5DE4B38F26970899009DAE5B /* ScreenShare */ = {
			isa = PBXNativeTarget;
			buildConfigurationList = 5DE4B3AC26970899009DAE5B /* Build configuration list for PBXNativeTarget "ScreenShare" */;
			buildPhases = (
				4BAA2E2EB98AE65B456C8F1D /* [CP] Check Pods Manifest.lock */,
				5DE4B38C26970899009DAE5B /* Sources */,
				5DE4B38D26970899009DAE5B /* Frameworks */,
				5DE4B38E26970899009DAE5B /* Resources */,
				49E684A1297FBECD0039C025 /* Embed Frameworks */,
			);
			buildRules = (
			);
			dependencies = (
			);
			name = ScreenShare;
			productName = ScreenShare;
			productReference = 5DE4B39026970899009DAE5B /* ScreenShare.appex */;
			productType = "com.apple.product-type.app-extension";
		};
		5DE4B39A26970899009DAE5B /* ScreenShareSetupUI */ = {
			isa = PBXNativeTarget;
			buildConfigurationList = 5DE4B3A926970899009DAE5B /* Build configuration list for PBXNativeTarget "ScreenShareSetupUI" */;
			buildPhases = (
				5DE4B39726970899009DAE5B /* Sources */,
				5DE4B39826970899009DAE5B /* Frameworks */,
				5DE4B39926970899009DAE5B /* Resources */,
			);
			buildRules = (
			);
			dependencies = (
			);
			name = ScreenShareSetupUI;
			productName = ScreenShareSetupUI;
			productReference = 5DE4B39B26970899009DAE5B /* ScreenShareSetupUI.appex */;
			productType = "com.apple.product-type.app-extension";
		};
/* End PBXNativeTarget section */

/* Begin PBXProject section */
		5DA7BBDB267562A800A3E292 /* Project object */ = {
			isa = PBXProject;
			attributes = {
				LastSwiftUpdateCheck = 1250;
				LastUpgradeCheck = 1220;
				ORGANIZATIONNAME = VDOTOK;
				TargetAttributes = {
					5DA7BBE2267562A800A3E292 = {
						CreatedOnToolsVersion = 12.2;
					};
					5DE4B38F26970899009DAE5B = {
						CreatedOnToolsVersion = 12.5;
					};
					5DE4B39A26970899009DAE5B = {
						CreatedOnToolsVersion = 12.5;
					};
				};
			};
			buildConfigurationList = 5DA7BBDE267562A800A3E292 /* Build configuration list for PBXProject "iOS-one2many" */;
			compatibilityVersion = "Xcode 9.3";
			developmentRegion = en;
			hasScannedForEncodings = 0;
			knownRegions = (
				en,
				Base,
			);
			mainGroup = 5DA7BBDA267562A800A3E292;
			productRefGroup = 5DA7BBE4267562A800A3E292 /* Products */;
			projectDirPath = "";
			projectReferences = (
				{
					ProductGroup = 0FABBE082A372FFA00E54FE6 /* Products */;
					ProjectRef = 0FABBE072A372FFA00E54FE6 /* iOSSDKStreaming.xcodeproj */;
				},
			);
			projectRoot = "";
			targets = (
				5DA7BBE2267562A800A3E292 /* iOS-one2many */,
				5DE4B38F26970899009DAE5B /* ScreenShare */,
				5DE4B39A26970899009DAE5B /* ScreenShareSetupUI */,
			);
		};
/* End PBXProject section */

/* Begin PBXReferenceProxy section */
		0FABBE0C2A372FFA00E54FE6 /* iOSSDKStreaming.framework */ = {
			isa = PBXReferenceProxy;
			fileType = wrapper.framework;
			path = iOSSDKStreaming.framework;
			remoteRef = 0FABBE0B2A372FFA00E54FE6 /* PBXContainerItemProxy */;
			sourceTree = BUILT_PRODUCTS_DIR;
		};
/* End PBXReferenceProxy section */

/* Begin PBXResourcesBuildPhase section */
		5DA7BBE1267562A800A3E292 /* Resources */ = {
			isa = PBXResourcesBuildPhase;
			buildActionMask = 2147483647;
			files = (
				A85D93E22702FE7D003A3375 /* BroadcastView.xib in Resources */,
				5D8BC0522678DB6E001F1B9B /* IncomingCall.xib in Resources */,
				5DA2C2722677922E00B6F36C /* CreateGroup.storyboard in Resources */,
				5D4738E326F1FF3300C67F6E /* TVBroadCast.storyboard in Resources */,
				5DA7BC8C26775C9E00A3E292 /* Colors.xcassets in Resources */,
				5DA7BC472675FE8300A3E292 /* Channel.storyboard in Resources */,
				5DA7BC2C2675FE0900A3E292 /* Login.storyboard in Resources */,
				5DE5836B269D7B7000985CFA /* ScreenSharePopup.xib in Resources */,
				5DA7BBF3267562AA00A3E292 /* LaunchScreen.storyboard in Resources */,
				5D0A255C2698420700231087 /* Landing.storyboard in Resources */,
				491FCA542A31A93F001930F7 /* iphone_11_pro.mp3 in Resources */,
				5D7CD5322677EC8C004799EA /* CreateGroupPopup.xib in Resources */,
				5D7CD56F2678AE29004799EA /* GroupCallingView.xib in Resources */,
				5D4738DF26F1FF3300C67F6E /* TVBroadcastCell.xib in Resources */,
				5DA7BBEE267562A800A3E292 /* Main.storyboard in Resources */,
				5D1A8F812725D7890061BFB4 /* Assets.xcassets in Resources */,
				5D7CD5612678A950004799EA /* Calling.storyboard in Resources */,
				5D7CD57B2678B1E2004799EA /* VideoCell.xib in Resources */,
				499D2E452A3B4681004431AB /* QRScanner.storyboard in Resources */,
				5DA2C29B2677A98100B6F36C /* CreateGroupCell.xib in Resources */,
				5DA7BC8326775A3900A3E292 /* GroupCell.xib in Resources */,
				5DA7BC3A2675FE6400A3E292 /* SignUp.storyboard in Resources */,
			);
			runOnlyForDeploymentPostprocessing = 0;
		};
		5DE4B38E26970899009DAE5B /* Resources */ = {
			isa = PBXResourcesBuildPhase;
			buildActionMask = 2147483647;
			files = (
			);
			runOnlyForDeploymentPostprocessing = 0;
		};
		5DE4B39926970899009DAE5B /* Resources */ = {
			isa = PBXResourcesBuildPhase;
			buildActionMask = 2147483647;
			files = (
			);
			runOnlyForDeploymentPostprocessing = 0;
		};
/* End PBXResourcesBuildPhase section */

/* Begin PBXShellScriptBuildPhase section */
		4BAA2E2EB98AE65B456C8F1D /* [CP] Check Pods Manifest.lock */ = {
			isa = PBXShellScriptBuildPhase;
			buildActionMask = 2147483647;
			files = (
			);
			inputFileListPaths = (
			);
			inputPaths = (
				"${PODS_PODFILE_DIR_PATH}/Podfile.lock",
				"${PODS_ROOT}/Manifest.lock",
			);
			name = "[CP] Check Pods Manifest.lock";
			outputFileListPaths = (
			);
			outputPaths = (
				"$(DERIVED_FILE_DIR)/Pods-ScreenShare-checkManifestLockResult.txt",
			);
			runOnlyForDeploymentPostprocessing = 0;
			shellPath = /bin/sh;
			shellScript = "diff \"${PODS_PODFILE_DIR_PATH}/Podfile.lock\" \"${PODS_ROOT}/Manifest.lock\" > /dev/null\nif [ $? != 0 ] ; then\n    # print error to STDERR\n    echo \"error: The sandbox is not in sync with the Podfile.lock. Run 'pod install' or update your CocoaPods installation.\" >&2\n    exit 1\nfi\n# This output is used by Xcode 'outputs' to avoid re-running this script phase.\necho \"SUCCESS\" > \"${SCRIPT_OUTPUT_FILE_0}\"\n";
			showEnvVarsInLog = 0;
		};
		73ACFA9E444E48B823B38D17 /* [CP] Embed Pods Frameworks */ = {
			isa = PBXShellScriptBuildPhase;
			buildActionMask = 2147483647;
			files = (
			);
			inputFileListPaths = (
				"${PODS_ROOT}/Target Support Files/Pods-iOS-one2many/Pods-iOS-one2many-frameworks-${CONFIGURATION}-input-files.xcfilelist",
			);
			name = "[CP] Embed Pods Frameworks";
			outputFileListPaths = (
				"${PODS_ROOT}/Target Support Files/Pods-iOS-one2many/Pods-iOS-one2many-frameworks-${CONFIGURATION}-output-files.xcfilelist",
			);
			runOnlyForDeploymentPostprocessing = 0;
			shellPath = /bin/sh;
			shellScript = "\"${PODS_ROOT}/Target Support Files/Pods-iOS-one2many/Pods-iOS-one2many-frameworks.sh\"\n";
			showEnvVarsInLog = 0;
		};
		A76AAE0C14149F0AF8468F60 /* [CP] Check Pods Manifest.lock */ = {
			isa = PBXShellScriptBuildPhase;
			buildActionMask = 2147483647;
			files = (
			);
			inputFileListPaths = (
			);
			inputPaths = (
				"${PODS_PODFILE_DIR_PATH}/Podfile.lock",
				"${PODS_ROOT}/Manifest.lock",
			);
			name = "[CP] Check Pods Manifest.lock";
			outputFileListPaths = (
			);
			outputPaths = (
				"$(DERIVED_FILE_DIR)/Pods-iOS-one2many-checkManifestLockResult.txt",
			);
			runOnlyForDeploymentPostprocessing = 0;
			shellPath = /bin/sh;
			shellScript = "diff \"${PODS_PODFILE_DIR_PATH}/Podfile.lock\" \"${PODS_ROOT}/Manifest.lock\" > /dev/null\nif [ $? != 0 ] ; then\n    # print error to STDERR\n    echo \"error: The sandbox is not in sync with the Podfile.lock. Run 'pod install' or update your CocoaPods installation.\" >&2\n    exit 1\nfi\n# This output is used by Xcode 'outputs' to avoid re-running this script phase.\necho \"SUCCESS\" > \"${SCRIPT_OUTPUT_FILE_0}\"\n";
			showEnvVarsInLog = 0;
		};
/* End PBXShellScriptBuildPhase section */

/* Begin PBXSourcesBuildPhase section */
		5DA7BBDF267562A800A3E292 /* Sources */ = {
			isa = PBXSourcesBuildPhase;
			buildActionMask = 2147483647;
			files = (
				5DBB9F3426A1A859000F51E6 /* DraggableView.swift in Sources */,
				5D0A25742698B37C00231087 /* BroadcastView.swift in Sources */,
				5DA7BC5F2677553900A3E292 /* LoginRequest.swift in Sources */,
				5DA7BBEB267562A800A3E292 /* ViewController.swift in Sources */,
				5D0A256426984B4C00231087 /* RadioButton.swift in Sources */,
				5DA7BC5C2677552500A3E292 /* LoginService.swift in Sources */,
				5D4738E226F1FF3300C67F6E /* TVBroadCastViewController.swift in Sources */,
				5DA7BC0B2675FCF300A3E292 /* AuthenticateRequest.swift in Sources */,
				5D0A255E2698420700231087 /* LandingViewController.swift in Sources */,
				49CFD4962994CDF400A74579 /* VdotokShare.swift in Sources */,
				5D7CD5632678A950004799EA /* CallingViewController.swift in Sources */,
				5DA2C2732677922E00B6F36C /* CreateGroupRouter.swift in Sources */,
				5DA7BC2D2675FE0900A3E292 /* LoginRouter.swift in Sources */,
				5D20D782268C56CF00B78BFE /* EditGroupRequest.swift in Sources */,
				5D0A255F2698420700231087 /* LandingBuilder.swift in Sources */,
				5D0A255D2698420700231087 /* LandingRouter.swift in Sources */,
				5DA7BBE7267562A800A3E292 /* AppDelegate.swift in Sources */,
				5D8BC0542678DB83001F1B9B /* IncomingCall.swift in Sources */,
				5D0A253C26981F0100231087 /* BroadcastData.swift in Sources */,
				5D7CD53D2677FE34004799EA /* IndigoButton.swift in Sources */,
				5DA7BC712677589700A3E292 /* GroupResponse.swift in Sources */,
				5D4738E026F1FF3300C67F6E /* TVBroadcastCell.swift in Sources */,
				5DA2C2742677922E00B6F36C /* CreateGroupViewController.swift in Sources */,
				49A243E42A1E335D003A37C8 /* AppsGroup.swift in Sources */,
				5DA7BC59267754CD00A3E292 /* ProgresHud.swift in Sources */,
				5DA7BC682677562300A3E292 /* CheckUserNameResponse.swift in Sources */,
				5DA2C2862677A64E00B6F36C /* CreateGroupRequest.swift in Sources */,
				5D7CD5652678A950004799EA /* CallingViewModel.swift in Sources */,
				5D4738E426F1FF3300C67F6E /* TVBroadCastRouter.swift in Sources */,
				5DA2C27D2677A5A100B6F36C /* AllUsersReponse.swift in Sources */,
				5DA7BC3B2675FE6400A3E292 /* SignUpRouter.swift in Sources */,
				5DA7BC3E2675FE6400A3E292 /* SignUpViewModel.swift in Sources */,
				5DA7BC3C2675FE6400A3E292 /* SignUpViewController.swift in Sources */,
				5DA7BC132675FD3500A3E292 /* BaseDataStore.swift in Sources */,
				5DA7BC772677595700A3E292 /* AllGroupRequest.swift in Sources */,
				5DA7BC8726775AB900A3E292 /* Color+Extension.swift in Sources */,
				499D2E482A3B4681004431AB /* QRScannerViewModel.swift in Sources */,
				5DA7BC482675FE8300A3E292 /* ChannelRouter.swift in Sources */,
				5DA2C2762677922E00B6F36C /* CreateGroupViewModel.swift in Sources */,
				5DA2C2832677A62A00B6F36C /* CreateGroupResponse.swift in Sources */,
				5DA7BC6E2677567000A3E292 /* SignupRequest.swift in Sources */,
				5DA7BC742677594300A3E292 /* AllGroupService.swift in Sources */,
				499D2E472A3B4681004431AB /* QRScannerRouter.swift in Sources */,
				5DA7BC072675FCCD00A3E292 /* AuthenticationService.swift in Sources */,
				5D20D785268C56E500B78BFE /* DeleteGroupRequest.swift in Sources */,
				5D7CD5312677EC8C004799EA /* CreateGroupPopup.swift in Sources */,
				5DE5836E269D7B8400985CFA /* ScreenSharePopup.swift in Sources */,
				5DA2C29A2677A98100B6F36C /* CreateGroupCell.swift in Sources */,
				499D2E492A3B4681004431AB /* QRScannerBuilder.swift in Sources */,
				5DA7BC4A2675FE8300A3E292 /* ChannelBuilder.swift in Sources */,
				5DA2C2802677A61000B6F36C /* CreateGroupService.swift in Sources */,
				5D20D787268C570900B78BFE /* DeleteGroupService.swift in Sources */,
				5D7CD5642678A950004799EA /* CallingBuilder.swift in Sources */,
				499D2E462A3B4681004431AB /* QRScannerViewController.swift in Sources */,
				5DA7BC162675FD4500A3E292 /* ApiRequest.swift in Sources */,
				499D2E3E2A3B464C004431AB /* AuthenticationModel.swift in Sources */,
				5D83A8EC2678B68000F001DE /* Constants.swift in Sources */,
				49CFD499299516CF00A74579 /* WormHoleConstants.swift in Sources */,
				5D2DC2C028410CF900535179 /* Bundle+Extension.swift in Sources */,
				5DA7BC302675FE0900A3E292 /* LoginViewModel.swift in Sources */,
				5D0A25772698BE2800231087 /* UIView+Extension.swift in Sources */,
				5D4738E126F1FF3300C67F6E /* TVBroadCastBuilder.swift in Sources */,
				5DA7BC56267754A000A3E292 /* Reachability.swift in Sources */,
				5D0A25622698469000231087 /* BorderButton.swift in Sources */,
				5D0A25602698420700231087 /* LandingViewModel.swift in Sources */,
				5DA7BC3D2675FE6400A3E292 /* SignUpBuilder.swift in Sources */,
				5D7CD5622678A950004799EA /* CallingRouter.swift in Sources */,
				5D7CD5402677FEB8004799EA /* CustomButton.swift in Sources */,
				5DA2C2892677A67700B6F36C /* AllUserRequest.swift in Sources */,
				5DA2C2752677922E00B6F36C /* CreateGroupBuilder.swift in Sources */,
				5DA7BC65267755E600A3E292 /* ValidateUserNameRequest.swift in Sources */,
				5DA7BC62267755C700A3E292 /* ValidateUserNameService.swift in Sources */,
				5DA7BC6B2677564F00A3E292 /* SignupService.swift in Sources */,
				5D7CD53A2677FE1F004799EA /* NextButton.swift in Sources */,
				5DA2C27A2677A58B00B6F36C /* AllUsersService.swift in Sources */,
				5D7CD56B2678AE1D004799EA /* GroupCallingView.swift in Sources */,
				5DA7BC8226775A3900A3E292 /* GroupCell.swift in Sources */,
				5D4738E526F1FF3300C67F6E /* TVBroadCastViewModel.swift in Sources */,
				5DA7BC4B2675FE8300A3E292 /* ChannelViewModel.swift in Sources */,
				5DA7BC1B2675FD7600A3E292 /* VDOTOKObject.swift in Sources */,
				5D7CD5362677FC7C004799EA /* YellowButton.swift in Sources */,
				5DA7BC2F2675FE0900A3E292 /* LoginBuilder.swift in Sources */,
				5DA7BC0F2675FD1B00A3E292 /* Service.swift in Sources */,
				5DA7BC1F2675FD9800A3E292 /* Translation.swift in Sources */,
				5D7CD57A2678B1E2004799EA /* VideoCell.swift in Sources */,
				5DA7BC2E2675FE0900A3E292 /* LoginViewController.swift in Sources */,
				5DA7BC492675FE8300A3E292 /* ChannelViewController.swift in Sources */,
				5DA7BC232675FDDC00A3E292 /* UserResponse.swift in Sources */,
				5D20D789268C585500B78BFE /* EditGroupService.swift in Sources */,
			);
			runOnlyForDeploymentPostprocessing = 0;
		};
		5DE4B38C26970899009DAE5B /* Sources */ = {
			isa = PBXSourcesBuildPhase;
			buildActionMask = 2147483647;
			files = (
				5DE4B39526970899009DAE5B /* SampleHandler.swift in Sources */,
				5D0A253826970C9800231087 /* Constants.swift in Sources */,
				5D0A25782699ADFD00231087 /* BroadcastData.swift in Sources */,
			);
			runOnlyForDeploymentPostprocessing = 0;
		};
		5DE4B39726970899009DAE5B /* Sources */ = {
			isa = PBXSourcesBuildPhase;
			buildActionMask = 2147483647;
			files = (
				5DE4B3A126970899009DAE5B /* BroadcastSetupViewController.swift in Sources */,
			);
			runOnlyForDeploymentPostprocessing = 0;
		};
/* End PBXSourcesBuildPhase section */

/* Begin PBXTargetDependency section */
		5DE4B3A426970899009DAE5B /* PBXTargetDependency */ = {
			isa = PBXTargetDependency;
			target = 5DE4B39A26970899009DAE5B /* ScreenShareSetupUI */;
			targetProxy = 5DE4B3A326970899009DAE5B /* PBXContainerItemProxy */;
		};
		5DE4B3A726970899009DAE5B /* PBXTargetDependency */ = {
			isa = PBXTargetDependency;
			target = 5DE4B38F26970899009DAE5B /* ScreenShare */;
			targetProxy = 5DE4B3A626970899009DAE5B /* PBXContainerItemProxy */;
		};
/* End PBXTargetDependency section */

/* Begin PBXVariantGroup section */
		5DA7BBEC267562A800A3E292 /* Main.storyboard */ = {
			isa = PBXVariantGroup;
			children = (
				5DA7BBED267562A800A3E292 /* Base */,
			);
			name = Main.storyboard;
			sourceTree = "<group>";
		};
		5DA7BBF1267562AA00A3E292 /* LaunchScreen.storyboard */ = {
			isa = PBXVariantGroup;
			children = (
				5DA7BBF2267562AA00A3E292 /* Base */,
			);
			name = LaunchScreen.storyboard;
			sourceTree = "<group>";
		};
/* End PBXVariantGroup section */

/* Begin XCBuildConfiguration section */
		5DA7BBF5267562AA00A3E292 /* Debug */ = {
			isa = XCBuildConfiguration;
			buildSettings = {
				ALWAYS_SEARCH_USER_PATHS = NO;
				CLANG_ANALYZER_NONNULL = YES;
				CLANG_ANALYZER_NUMBER_OBJECT_CONVERSION = YES_AGGRESSIVE;
				CLANG_CXX_LANGUAGE_STANDARD = "gnu++14";
				CLANG_CXX_LIBRARY = "libc++";
				CLANG_ENABLE_MODULES = YES;
				CLANG_ENABLE_OBJC_ARC = YES;
				CLANG_ENABLE_OBJC_WEAK = YES;
				CLANG_WARN_BLOCK_CAPTURE_AUTORELEASING = YES;
				CLANG_WARN_BOOL_CONVERSION = YES;
				CLANG_WARN_COMMA = YES;
				CLANG_WARN_CONSTANT_CONVERSION = YES;
				CLANG_WARN_DEPRECATED_OBJC_IMPLEMENTATIONS = YES;
				CLANG_WARN_DIRECT_OBJC_ISA_USAGE = YES_ERROR;
				CLANG_WARN_DOCUMENTATION_COMMENTS = YES;
				CLANG_WARN_EMPTY_BODY = YES;
				CLANG_WARN_ENUM_CONVERSION = YES;
				CLANG_WARN_INFINITE_RECURSION = YES;
				CLANG_WARN_INT_CONVERSION = YES;
				CLANG_WARN_NON_LITERAL_NULL_CONVERSION = YES;
				CLANG_WARN_OBJC_IMPLICIT_RETAIN_SELF = YES;
				CLANG_WARN_OBJC_LITERAL_CONVERSION = YES;
				CLANG_WARN_OBJC_ROOT_CLASS = YES_ERROR;
				CLANG_WARN_QUOTED_INCLUDE_IN_FRAMEWORK_HEADER = YES;
				CLANG_WARN_RANGE_LOOP_ANALYSIS = YES;
				CLANG_WARN_STRICT_PROTOTYPES = YES;
				CLANG_WARN_SUSPICIOUS_MOVE = YES;
				CLANG_WARN_UNGUARDED_AVAILABILITY = YES_AGGRESSIVE;
				CLANG_WARN_UNREACHABLE_CODE = YES;
				CLANG_WARN__DUPLICATE_METHOD_MATCH = YES;
				COPY_PHASE_STRIP = NO;
				DEBUG_INFORMATION_FORMAT = dwarf;
				ENABLE_STRICT_OBJC_MSGSEND = YES;
				ENABLE_TESTABILITY = YES;
				GCC_C_LANGUAGE_STANDARD = gnu11;
				GCC_DYNAMIC_NO_PIC = NO;
				GCC_NO_COMMON_BLOCKS = YES;
				GCC_OPTIMIZATION_LEVEL = 0;
				GCC_PREPROCESSOR_DEFINITIONS = (
					"DEBUG=1",
					"$(inherited)",
				);
				GCC_WARN_64_TO_32_BIT_CONVERSION = YES;
				GCC_WARN_ABOUT_RETURN_TYPE = YES_ERROR;
				GCC_WARN_UNDECLARED_SELECTOR = YES;
				GCC_WARN_UNINITIALIZED_AUTOS = YES_AGGRESSIVE;
				GCC_WARN_UNUSED_FUNCTION = YES;
				GCC_WARN_UNUSED_VARIABLE = YES;
				IPHONEOS_DEPLOYMENT_TARGET = 14.2;
				MTL_ENABLE_DEBUG_INFO = INCLUDE_SOURCE;
				MTL_FAST_MATH = YES;
				ONLY_ACTIVE_ARCH = YES;
				SDKROOT = iphoneos;
				SWIFT_ACTIVE_COMPILATION_CONDITIONS = DEBUG;
				SWIFT_OPTIMIZATION_LEVEL = "-Onone";
			};
			name = Debug;
		};
		5DA7BBF6267562AA00A3E292 /* Release */ = {
			isa = XCBuildConfiguration;
			buildSettings = {
				ALWAYS_SEARCH_USER_PATHS = NO;
				CLANG_ANALYZER_NONNULL = YES;
				CLANG_ANALYZER_NUMBER_OBJECT_CONVERSION = YES_AGGRESSIVE;
				CLANG_CXX_LANGUAGE_STANDARD = "gnu++14";
				CLANG_CXX_LIBRARY = "libc++";
				CLANG_ENABLE_MODULES = YES;
				CLANG_ENABLE_OBJC_ARC = YES;
				CLANG_ENABLE_OBJC_WEAK = YES;
				CLANG_WARN_BLOCK_CAPTURE_AUTORELEASING = YES;
				CLANG_WARN_BOOL_CONVERSION = YES;
				CLANG_WARN_COMMA = YES;
				CLANG_WARN_CONSTANT_CONVERSION = YES;
				CLANG_WARN_DEPRECATED_OBJC_IMPLEMENTATIONS = YES;
				CLANG_WARN_DIRECT_OBJC_ISA_USAGE = YES_ERROR;
				CLANG_WARN_DOCUMENTATION_COMMENTS = YES;
				CLANG_WARN_EMPTY_BODY = YES;
				CLANG_WARN_ENUM_CONVERSION = YES;
				CLANG_WARN_INFINITE_RECURSION = YES;
				CLANG_WARN_INT_CONVERSION = YES;
				CLANG_WARN_NON_LITERAL_NULL_CONVERSION = YES;
				CLANG_WARN_OBJC_IMPLICIT_RETAIN_SELF = YES;
				CLANG_WARN_OBJC_LITERAL_CONVERSION = YES;
				CLANG_WARN_OBJC_ROOT_CLASS = YES_ERROR;
				CLANG_WARN_QUOTED_INCLUDE_IN_FRAMEWORK_HEADER = YES;
				CLANG_WARN_RANGE_LOOP_ANALYSIS = YES;
				CLANG_WARN_STRICT_PROTOTYPES = YES;
				CLANG_WARN_SUSPICIOUS_MOVE = YES;
				CLANG_WARN_UNGUARDED_AVAILABILITY = YES_AGGRESSIVE;
				CLANG_WARN_UNREACHABLE_CODE = YES;
				CLANG_WARN__DUPLICATE_METHOD_MATCH = YES;
				COPY_PHASE_STRIP = NO;
				DEBUG_INFORMATION_FORMAT = "dwarf-with-dsym";
				ENABLE_NS_ASSERTIONS = NO;
				ENABLE_STRICT_OBJC_MSGSEND = YES;
				GCC_C_LANGUAGE_STANDARD = gnu11;
				GCC_NO_COMMON_BLOCKS = YES;
				GCC_WARN_64_TO_32_BIT_CONVERSION = YES;
				GCC_WARN_ABOUT_RETURN_TYPE = YES_ERROR;
				GCC_WARN_UNDECLARED_SELECTOR = YES;
				GCC_WARN_UNINITIALIZED_AUTOS = YES_AGGRESSIVE;
				GCC_WARN_UNUSED_FUNCTION = YES;
				GCC_WARN_UNUSED_VARIABLE = YES;
				IPHONEOS_DEPLOYMENT_TARGET = 14.2;
				MTL_ENABLE_DEBUG_INFO = NO;
				MTL_FAST_MATH = YES;
				SDKROOT = iphoneos;
				SWIFT_COMPILATION_MODE = wholemodule;
				SWIFT_OPTIMIZATION_LEVEL = "-O";
				VALIDATE_PRODUCT = YES;
			};
			name = Release;
		};
		5DA7BBF8267562AA00A3E292 /* Debug */ = {
			isa = XCBuildConfiguration;
			baseConfigurationReference = 6A8B1E1AAE4A2D6CB6863F9C /* Pods-iOS-one2many.debug.xcconfig */;
			buildSettings = {
				ALWAYS_EMBED_SWIFT_STANDARD_LIBRARIES = YES;
				ASSETCATALOG_COMPILER_APPICON_NAME = AppIcon;
				ASSETCATALOG_COMPILER_GLOBAL_ACCENT_COLOR_NAME = AccentColor;
				CODE_SIGN_ENTITLEMENTS = "iOS-one2many/iOS-one2many.entitlements";
				CODE_SIGN_STYLE = Automatic;
				CURRENT_PROJECT_VERSION = 21;
				DEVELOPMENT_TEAM = 2XMPHHJW2J;
				ENABLE_BITCODE = NO;
				FRAMEWORK_SEARCH_PATHS = (
					"$(inherited)",
					"$(PROJECT_DIR)/frameworks",
					"$(SRCROOT)/frameworks",
				);
				INFOPLIST_FILE = "iOS-one2many/Info.plist";
				IPHONEOS_DEPLOYMENT_TARGET = 13.0;
				LD_RUNPATH_SEARCH_PATHS = (
					"$(inherited)",
					"@executable_path/Frameworks",
				);
				PRODUCT_BUNDLE_IDENTIFIER = "com.norgic.ios.one-to-many-app";
				PRODUCT_NAME = "$(TARGET_NAME)";
				SWIFT_VERSION = 5.0;
				TARGETED_DEVICE_FAMILY = 1;
			};
			name = Debug;
		};
		5DA7BBF9267562AA00A3E292 /* Release */ = {
			isa = XCBuildConfiguration;
			baseConfigurationReference = 67FD4F88345E54A6D5C42C90 /* Pods-iOS-one2many.release.xcconfig */;
			buildSettings = {
				ALWAYS_EMBED_SWIFT_STANDARD_LIBRARIES = YES;
				ASSETCATALOG_COMPILER_APPICON_NAME = AppIcon;
				ASSETCATALOG_COMPILER_GLOBAL_ACCENT_COLOR_NAME = AccentColor;
				CODE_SIGN_ENTITLEMENTS = "iOS-one2many/iOS-one2manyRelease.entitlements";
				CODE_SIGN_STYLE = Automatic;
				CURRENT_PROJECT_VERSION = 21;
				DEVELOPMENT_TEAM = 2XMPHHJW2J;
				ENABLE_BITCODE = NO;
				FRAMEWORK_SEARCH_PATHS = (
					"$(inherited)",
					"$(PROJECT_DIR)/frameworks",
					"$(SRCROOT)/frameworks",
				);
				INFOPLIST_FILE = "iOS-one2many/Info.plist";
				IPHONEOS_DEPLOYMENT_TARGET = 13.0;
				LD_RUNPATH_SEARCH_PATHS = (
					"$(inherited)",
					"@executable_path/Frameworks",
				);
				PRODUCT_BUNDLE_IDENTIFIER = "com.norgic.ios.one-to-many-app";
				PRODUCT_NAME = "$(TARGET_NAME)";
				SWIFT_VERSION = 5.0;
				TARGETED_DEVICE_FAMILY = 1;
			};
			name = Release;
		};
		5DE4B3AA26970899009DAE5B /* Debug */ = {
			isa = XCBuildConfiguration;
			buildSettings = {
				CODE_SIGN_ENTITLEMENTS = ScreenShareSetupUI/ScreenShareSetupUI.entitlements;
				CODE_SIGN_STYLE = Automatic;
				DEVELOPMENT_TEAM = 2XMPHHJW2J;
				ENABLE_BITCODE = NO;
				INFOPLIST_FILE = ScreenShareSetupUI/Info.plist;
				IPHONEOS_DEPLOYMENT_TARGET = 13.0;
				LD_RUNPATH_SEARCH_PATHS = (
					"$(inherited)",
					"@executable_path/Frameworks",
					"@executable_path/../../Frameworks",
				);
				PRODUCT_BUNDLE_IDENTIFIER = "com.norgic.ios.one-to-many-app.ScreenShareSetupUI";
				PRODUCT_NAME = "$(TARGET_NAME)";
				SKIP_INSTALL = YES;
				SWIFT_VERSION = 5.0;
				TARGETED_DEVICE_FAMILY = "1,2";
			};
			name = Debug;
		};
		5DE4B3AB26970899009DAE5B /* Release */ = {
			isa = XCBuildConfiguration;
			buildSettings = {
				CODE_SIGN_ENTITLEMENTS = ScreenShareSetupUI/ScreenShareSetupUI.entitlements;
				CODE_SIGN_STYLE = Automatic;
				DEVELOPMENT_TEAM = 2XMPHHJW2J;
				ENABLE_BITCODE = NO;
				INFOPLIST_FILE = ScreenShareSetupUI/Info.plist;
				IPHONEOS_DEPLOYMENT_TARGET = 13.0;
				LD_RUNPATH_SEARCH_PATHS = (
					"$(inherited)",
					"@executable_path/Frameworks",
					"@executable_path/../../Frameworks",
				);
				PRODUCT_BUNDLE_IDENTIFIER = "com.norgic.ios.one-to-many-app.ScreenShareSetupUI";
				PRODUCT_NAME = "$(TARGET_NAME)";
				SKIP_INSTALL = YES;
				SWIFT_VERSION = 5.0;
				TARGETED_DEVICE_FAMILY = "1,2";
			};
			name = Release;
		};
		5DE4B3AD26970899009DAE5B /* Debug */ = {
			isa = XCBuildConfiguration;
			baseConfigurationReference = 64387AFAFB49E684C2C4868A /* Pods-ScreenShare.debug.xcconfig */;
			buildSettings = {
				CODE_SIGN_ENTITLEMENTS = ScreenShare/ScreenShare.entitlements;
				CODE_SIGN_STYLE = Automatic;
				DEVELOPMENT_TEAM = 2XMPHHJW2J;
				ENABLE_BITCODE = NO;
				INFOPLIST_FILE = ScreenShare/Info.plist;
				IPHONEOS_DEPLOYMENT_TARGET = 13.0;
				LD_RUNPATH_SEARCH_PATHS = (
					"$(inherited)",
					"@executable_path/Frameworks",
					"@executable_path/../../Frameworks",
				);
				PRODUCT_BUNDLE_IDENTIFIER = "com.norgic.ios.one-to-many-app.ScreenShare";
				PRODUCT_NAME = "$(TARGET_NAME)";
				SKIP_INSTALL = YES;
				SWIFT_VERSION = 5.0;
				TARGETED_DEVICE_FAMILY = "1,2";
			};
			name = Debug;
		};
		5DE4B3AE26970899009DAE5B /* Release */ = {
			isa = XCBuildConfiguration;
			baseConfigurationReference = 2380E8A6E404E35947FA6EAE /* Pods-ScreenShare.release.xcconfig */;
			buildSettings = {
				CODE_SIGN_ENTITLEMENTS = ScreenShare/ScreenShare.entitlements;
				CODE_SIGN_STYLE = Automatic;
				DEVELOPMENT_TEAM = 2XMPHHJW2J;
				ENABLE_BITCODE = NO;
				INFOPLIST_FILE = ScreenShare/Info.plist;
				IPHONEOS_DEPLOYMENT_TARGET = 13.0;
				LD_RUNPATH_SEARCH_PATHS = (
					"$(inherited)",
					"@executable_path/Frameworks",
					"@executable_path/../../Frameworks",
				);
				PRODUCT_BUNDLE_IDENTIFIER = "com.norgic.ios.one-to-many-app.ScreenShare";
				PRODUCT_NAME = "$(TARGET_NAME)";
				SKIP_INSTALL = YES;
				SWIFT_VERSION = 5.0;
				TARGETED_DEVICE_FAMILY = "1,2";
			};
			name = Release;
		};
/* End XCBuildConfiguration section */

/* Begin XCConfigurationList section */
		5DA7BBDE267562A800A3E292 /* Build configuration list for PBXProject "iOS-one2many" */ = {
			isa = XCConfigurationList;
			buildConfigurations = (
				5DA7BBF5267562AA00A3E292 /* Debug */,
				5DA7BBF6267562AA00A3E292 /* Release */,
			);
			defaultConfigurationIsVisible = 0;
			defaultConfigurationName = Release;
		};
		5DA7BBF7267562AA00A3E292 /* Build configuration list for PBXNativeTarget "iOS-one2many" */ = {
			isa = XCConfigurationList;
			buildConfigurations = (
				5DA7BBF8267562AA00A3E292 /* Debug */,
				5DA7BBF9267562AA00A3E292 /* Release */,
			);
			defaultConfigurationIsVisible = 0;
			defaultConfigurationName = Release;
		};
		5DE4B3A926970899009DAE5B /* Build configuration list for PBXNativeTarget "ScreenShareSetupUI" */ = {
			isa = XCConfigurationList;
			buildConfigurations = (
				5DE4B3AA26970899009DAE5B /* Debug */,
				5DE4B3AB26970899009DAE5B /* Release */,
			);
			defaultConfigurationIsVisible = 0;
			defaultConfigurationName = Release;
		};
		5DE4B3AC26970899009DAE5B /* Build configuration list for PBXNativeTarget "ScreenShare" */ = {
			isa = XCConfigurationList;
			buildConfigurations = (
				5DE4B3AD26970899009DAE5B /* Debug */,
				5DE4B3AE26970899009DAE5B /* Release */,
			);
			defaultConfigurationIsVisible = 0;
			defaultConfigurationName = Release;
		};
/* End XCConfigurationList section */
	};
	rootObject = 5DA7BBDB267562A800A3E292 /* Project object */;
}
